// !$*UTF8*$!
{
	archiveVersion = 1;
	classes = {
	};
	objectVersion = 55;
	objects = {

/* Begin PBXBuildFile section */
		13B39101E2DE005EDA5D1524 /* Pods_Drinto.framework in Frameworks */ = {isa = PBXBuildFile; fileRef = 46E14AB1D710732C76E09061 /* Pods_Drinto.framework */; };
		531E83692842FB610036FE76 /* NewsDataModel.swift in Sources */ = {isa = PBXBuildFile; fileRef = 531E83682842FB610036FE76 /* NewsDataModel.swift */; };
		5324315D2839A07A005A8170 /* DrinkMemoryTableViewCell.swift in Sources */ = {isa = PBXBuildFile; fileRef = 5324315B2839A07A005A8170 /* DrinkMemoryTableViewCell.swift */; };
		5324315E2839A07A005A8170 /* DrinkMemoryTableViewCell.xib in Resources */ = {isa = PBXBuildFile; fileRef = 5324315C2839A07A005A8170 /* DrinkMemoryTableViewCell.xib */; };
		532431632839A0AB005A8170 /* DrinkNewsTableViewCell.swift in Sources */ = {isa = PBXBuildFile; fileRef = 532431612839A0AB005A8170 /* DrinkNewsTableViewCell.swift */; };
		532431642839A0AB005A8170 /* DrinkNewsTableViewCell.xib in Resources */ = {isa = PBXBuildFile; fileRef = 532431622839A0AB005A8170 /* DrinkNewsTableViewCell.xib */; };
		53287B9A283774E300C2B96D /* DrinkmemoryViewController.swift in Sources */ = {isa = PBXBuildFile; fileRef = 53287B99283774E300C2B96D /* DrinkmemoryViewController.swift */; };
		53287B9C283774F400C2B96D /* DrinkNewsViewController.swift in Sources */ = {isa = PBXBuildFile; fileRef = 53287B9B283774F400C2B96D /* DrinkNewsViewController.swift */; };
		53287B9E2837750500C2B96D /* MyPageViewController.swift in Sources */ = {isa = PBXBuildFile; fileRef = 53287B9D2837750500C2B96D /* MyPageViewController.swift */; };
		53287BA02837751400C2B96D /* MapViewController.swift in Sources */ = {isa = PBXBuildFile; fileRef = 53287B9F2837751400C2B96D /* MapViewController.swift */; };
		53287BA22837757000C2B96D /* AddDrinkViewController.swift in Sources */ = {isa = PBXBuildFile; fileRef = 53287BA12837757000C2B96D /* AddDrinkViewController.swift */; };
		53287BA42837758B00C2B96D /* SignInViewController.swift in Sources */ = {isa = PBXBuildFile; fileRef = 53287BA32837758B00C2B96D /* SignInViewController.swift */; };
		53287BA62837759E00C2B96D /* SignUpViewController.swift in Sources */ = {isa = PBXBuildFile; fileRef = 53287BA52837759E00C2B96D /* SignUpViewController.swift */; };
		53287BA8283775F900C2B96D /* TopPageViewController.swift in Sources */ = {isa = PBXBuildFile; fileRef = 53287BA7283775F900C2B96D /* TopPageViewController.swift */; };
		53287BB02837782000C2B96D /* LaunchViewController.swift in Sources */ = {isa = PBXBuildFile; fileRef = 53287BAF2837782000C2B96D /* LaunchViewController.swift */; };
		539DE6CF271FC9D800720AF7 /* AppDelegate.swift in Sources */ = {isa = PBXBuildFile; fileRef = 539DE6CE271FC9D800720AF7 /* AppDelegate.swift */; };
		539DE6D1271FC9D800720AF7 /* SceneDelegate.swift in Sources */ = {isa = PBXBuildFile; fileRef = 539DE6D0271FC9D800720AF7 /* SceneDelegate.swift */; };
		539DE6D6271FC9D800720AF7 /* Main.storyboard in Resources */ = {isa = PBXBuildFile; fileRef = 539DE6D4271FC9D800720AF7 /* Main.storyboard */; };
		539DE6D8271FC9DA00720AF7 /* Assets.xcassets in Resources */ = {isa = PBXBuildFile; fileRef = 539DE6D7271FC9DA00720AF7 /* Assets.xcassets */; };
		539DE6DB271FC9DA00720AF7 /* LaunchScreen.storyboard in Resources */ = {isa = PBXBuildFile; fileRef = 539DE6D9271FC9DA00720AF7 /* LaunchScreen.storyboard */; };
		539DE6E6271FCD7900720AF7 /* TabBarViewController.swift in Sources */ = {isa = PBXBuildFile; fileRef = 539DE6E5271FCD7900720AF7 /* TabBarViewController.swift */; };
/* End PBXBuildFile section */

/* Begin PBXFileReference section */
		46E14AB1D710732C76E09061 /* Pods_Drinto.framework */ = {isa = PBXFileReference; explicitFileType = wrapper.framework; includeInIndex = 0; path = Pods_Drinto.framework; sourceTree = BUILT_PRODUCTS_DIR; };
		531E83682842FB610036FE76 /* NewsDataModel.swift */ = {isa = PBXFileReference; lastKnownFileType = sourcecode.swift; path = NewsDataModel.swift; sourceTree = "<group>"; };
		5324315B2839A07A005A8170 /* DrinkMemoryTableViewCell.swift */ = {isa = PBXFileReference; lastKnownFileType = sourcecode.swift; path = DrinkMemoryTableViewCell.swift; sourceTree = "<group>"; };
		5324315C2839A07A005A8170 /* DrinkMemoryTableViewCell.xib */ = {isa = PBXFileReference; lastKnownFileType = file.xib; path = DrinkMemoryTableViewCell.xib; sourceTree = "<group>"; };
		532431612839A0AB005A8170 /* DrinkNewsTableViewCell.swift */ = {isa = PBXFileReference; lastKnownFileType = sourcecode.swift; path = DrinkNewsTableViewCell.swift; sourceTree = "<group>"; };
		532431622839A0AB005A8170 /* DrinkNewsTableViewCell.xib */ = {isa = PBXFileReference; lastKnownFileType = file.xib; path = DrinkNewsTableViewCell.xib; sourceTree = "<group>"; };
		53287B99283774E300C2B96D /* DrinkmemoryViewController.swift */ = {isa = PBXFileReference; lastKnownFileType = sourcecode.swift; path = DrinkmemoryViewController.swift; sourceTree = "<group>"; };
		53287B9B283774F400C2B96D /* DrinkNewsViewController.swift */ = {isa = PBXFileReference; lastKnownFileType = sourcecode.swift; path = DrinkNewsViewController.swift; sourceTree = "<group>"; };
		53287B9D2837750500C2B96D /* MyPageViewController.swift */ = {isa = PBXFileReference; lastKnownFileType = sourcecode.swift; path = MyPageViewController.swift; sourceTree = "<group>"; };
		53287B9F2837751400C2B96D /* MapViewController.swift */ = {isa = PBXFileReference; lastKnownFileType = sourcecode.swift; path = MapViewController.swift; sourceTree = "<group>"; };
		53287BA12837757000C2B96D /* AddDrinkViewController.swift */ = {isa = PBXFileReference; lastKnownFileType = sourcecode.swift; path = AddDrinkViewController.swift; sourceTree = "<group>"; };
		53287BA32837758B00C2B96D /* SignInViewController.swift */ = {isa = PBXFileReference; lastKnownFileType = sourcecode.swift; path = SignInViewController.swift; sourceTree = "<group>"; };
		53287BA52837759E00C2B96D /* SignUpViewController.swift */ = {isa = PBXFileReference; lastKnownFileType = sourcecode.swift; path = SignUpViewController.swift; sourceTree = "<group>"; };
		53287BA7283775F900C2B96D /* TopPageViewController.swift */ = {isa = PBXFileReference; lastKnownFileType = sourcecode.swift; path = TopPageViewController.swift; sourceTree = "<group>"; };
		53287BAF2837782000C2B96D /* LaunchViewController.swift */ = {isa = PBXFileReference; lastKnownFileType = sourcecode.swift; path = LaunchViewController.swift; sourceTree = "<group>"; };
		539DE6CB271FC9D800720AF7 /* Drinto.app */ = {isa = PBXFileReference; explicitFileType = wrapper.application; includeInIndex = 0; path = Drinto.app; sourceTree = BUILT_PRODUCTS_DIR; };
		539DE6CE271FC9D800720AF7 /* AppDelegate.swift */ = {isa = PBXFileReference; lastKnownFileType = sourcecode.swift; path = AppDelegate.swift; sourceTree = "<group>"; };
		539DE6D0271FC9D800720AF7 /* SceneDelegate.swift */ = {isa = PBXFileReference; lastKnownFileType = sourcecode.swift; path = SceneDelegate.swift; sourceTree = "<group>"; };
		539DE6D5271FC9D800720AF7 /* Base */ = {isa = PBXFileReference; lastKnownFileType = file.storyboard; name = Base; path = Base.lproj/Main.storyboard; sourceTree = "<group>"; };
		539DE6D7271FC9DA00720AF7 /* Assets.xcassets */ = {isa = PBXFileReference; lastKnownFileType = folder.assetcatalog; path = Assets.xcassets; sourceTree = "<group>"; };
		539DE6DA271FC9DA00720AF7 /* Base */ = {isa = PBXFileReference; lastKnownFileType = file.storyboard; name = Base; path = Base.lproj/LaunchScreen.storyboard; sourceTree = "<group>"; };
		539DE6DC271FC9DA00720AF7 /* Info.plist */ = {isa = PBXFileReference; lastKnownFileType = text.plist.xml; path = Info.plist; sourceTree = "<group>"; };
		539DE6E5271FCD7900720AF7 /* TabBarViewController.swift */ = {isa = PBXFileReference; lastKnownFileType = sourcecode.swift; path = TabBarViewController.swift; sourceTree = "<group>"; };
		8516DFE818CC14F70192E3F3 /* Pods-Drinto.release.xcconfig */ = {isa = PBXFileReference; includeInIndex = 1; lastKnownFileType = text.xcconfig; name = "Pods-Drinto.release.xcconfig"; path = "Target Support Files/Pods-Drinto/Pods-Drinto.release.xcconfig"; sourceTree = "<group>"; };
		9514E30A35C50A1483D3C152 /* Pods-Drinto.debug.xcconfig */ = {isa = PBXFileReference; includeInIndex = 1; lastKnownFileType = text.xcconfig; name = "Pods-Drinto.debug.xcconfig"; path = "Target Support Files/Pods-Drinto/Pods-Drinto.debug.xcconfig"; sourceTree = "<group>"; };
/* End PBXFileReference section */

/* Begin PBXFrameworksBuildPhase section */
		539DE6C8271FC9D800720AF7 /* Frameworks */ = {
			isa = PBXFrameworksBuildPhase;
			buildActionMask = 2147483647;
			files = (
				13B39101E2DE005EDA5D1524 /* Pods_Drinto.framework in Frameworks */,
			);
			runOnlyForDeploymentPostprocessing = 0;
		};
/* End PBXFrameworksBuildPhase section */

/* Begin PBXGroup section */
		3F2D4FCBEB0AD61A7DBA2B02 /* Frameworks */ = {
			isa = PBXGroup;
			children = (
				46E14AB1D710732C76E09061 /* Pods_Drinto.framework */,
			);
			name = Frameworks;
			sourceTree = "<group>";
		};
		531E83602842F8E30036FE76 /* Model */ = {
			isa = PBXGroup;
			children = (
				531E83672842F95D0036FE76 /* DrinkMemory */,
				531E83652842F9360036FE76 /* DrinkNews */,
				531E83632842F91C0036FE76 /* Login */,
			);
			path = Model;
			sourceTree = "<group>";
		};
		531E83612842F8EA0036FE76 /* Presenter */ = {
			isa = PBXGroup;
			children = (
				531E83662842F9510036FE76 /* DrinkMemory */,
				531E83642842F92B0036FE76 /* DrinkNews */,
				531E83622842F9080036FE76 /* Login */,
			);
			path = Presenter;
			sourceTree = "<group>";
		};
		531E83622842F9080036FE76 /* Login */ = {
			isa = PBXGroup;
			children = (
			);
			path = Login;
			sourceTree = "<group>";
		};
		531E83632842F91C0036FE76 /* Login */ = {
			isa = PBXGroup;
			children = (
			);
			path = Login;
			sourceTree = "<group>";
		};
		531E83642842F92B0036FE76 /* DrinkNews */ = {
			isa = PBXGroup;
			children = (
			);
			path = DrinkNews;
			sourceTree = "<group>";
		};
		531E83652842F9360036FE76 /* DrinkNews */ = {
			isa = PBXGroup;
			children = (
				531E83682842FB610036FE76 /* NewsDataModel.swift */,
			);
			path = DrinkNews;
			sourceTree = "<group>";
		};
		531E83662842F9510036FE76 /* DrinkMemory */ = {
			isa = PBXGroup;
			children = (
			);
			path = DrinkMemory;
			sourceTree = "<group>";
		};
		531E83672842F95D0036FE76 /* DrinkMemory */ = {
			isa = PBXGroup;
			children = (
			);
			path = DrinkMemory;
			sourceTree = "<group>";
		};
		5324315F2839A081005A8170 /* DrinkmemoryCell */ = {
			isa = PBXGroup;
			children = (
				5324315B2839A07A005A8170 /* DrinkMemoryTableViewCell.swift */,
				5324315C2839A07A005A8170 /* DrinkMemoryTableViewCell.xib */,
			);
			path = DrinkmemoryCell;
			sourceTree = "<group>";
		};
		532431602839A094005A8170 /* DeinkNewsCell */ = {
			isa = PBXGroup;
			children = (
				532431612839A0AB005A8170 /* DrinkNewsTableViewCell.swift */,
				532431622839A0AB005A8170 /* DrinkNewsTableViewCell.xib */,
			);
			path = DeinkNewsCell;
			sourceTree = "<group>";
		};
		53287BA92837775C00C2B96D /* DrinkMemory */ = {
			isa = PBXGroup;
			children = (
				53287B99283774E300C2B96D /* DrinkmemoryViewController.swift */,
				5324315F2839A081005A8170 /* DrinkmemoryCell */,
			);
			path = DrinkMemory;
			sourceTree = "<group>";
		};
		53287BAA2837777300C2B96D /* DrinkNews */ = {
			isa = PBXGroup;
			children = (
				532431602839A094005A8170 /* DeinkNewsCell */,
				53287B9B283774F400C2B96D /* DrinkNewsViewController.swift */,
			);
			path = DrinkNews;
			sourceTree = "<group>";
		};
		53287BAB2837777C00C2B96D /* DrinkMap */ = {
			isa = PBXGroup;
			children = (
				53287B9F2837751400C2B96D /* MapViewController.swift */,
			);
			path = DrinkMap;
			sourceTree = "<group>";
		};
		53287BAC2837778500C2B96D /* Account */ = {
			isa = PBXGroup;
			children = (
				53287B9D2837750500C2B96D /* MyPageViewController.swift */,
			);
			path = Account;
			sourceTree = "<group>";
		};
		53287BAD2837779600C2B96D /* AddDrink */ = {
			isa = PBXGroup;
			children = (
				53287BA12837757000C2B96D /* AddDrinkViewController.swift */,
			);
			path = AddDrink;
			sourceTree = "<group>";
		};
		53287BAE283777B900C2B96D /* Login */ = {
			isa = PBXGroup;
			children = (
				53287BA32837758B00C2B96D /* SignInViewController.swift */,
				53287BA52837759E00C2B96D /* SignUpViewController.swift */,
				53287BA7283775F900C2B96D /* TopPageViewController.swift */,
			);
			path = Login;
			sourceTree = "<group>";
		};
		539DE6C2271FC9D800720AF7 = {
			isa = PBXGroup;
			children = (
				539DE6CD271FC9D800720AF7 /* Drinto */,
				539DE6CC271FC9D800720AF7 /* Products */,
				5BBADC3F61010B31AD952E8C /* Pods */,
				3F2D4FCBEB0AD61A7DBA2B02 /* Frameworks */,
			);
			sourceTree = "<group>";
		};
		539DE6CC271FC9D800720AF7 /* Products */ = {
			isa = PBXGroup;
			children = (
				539DE6CB271FC9D800720AF7 /* Drinto.app */,
			);
			name = Products;
			sourceTree = "<group>";
		};
		539DE6CD271FC9D800720AF7 /* Drinto */ = {
			isa = PBXGroup;
			children = (
				531E83612842F8EA0036FE76 /* Presenter */,
				531E83602842F8E30036FE76 /* Model */,
				53D129F22827A38300DA7E91 /* View */,
				539DE6D4271FC9D800720AF7 /* Main.storyboard */,
				539DE6D9271FC9DA00720AF7 /* LaunchScreen.storyboard */,
				539DE6CE271FC9D800720AF7 /* AppDelegate.swift */,
				539DE6D0271FC9D800720AF7 /* SceneDelegate.swift */,
				539DE6D7271FC9DA00720AF7 /* Assets.xcassets */,
				539DE6DC271FC9DA00720AF7 /* Info.plist */,
			);
			path = Drinto;
			sourceTree = "<group>";
		};
		53D129F22827A38300DA7E91 /* View */ = {
			isa = PBXGroup;
			children = (
				53287BAE283777B900C2B96D /* Login */,
				53287BAD2837779600C2B96D /* AddDrink */,
				53287BAC2837778500C2B96D /* Account */,
				53287BAB2837777C00C2B96D /* DrinkMap */,
				53287BAA2837777300C2B96D /* DrinkNews */,
				53287BA92837775C00C2B96D /* DrinkMemory */,
				539DE6E5271FCD7900720AF7 /* TabBarViewController.swift */,
				53287BAF2837782000C2B96D /* LaunchViewController.swift */,
			);
			path = View;
			sourceTree = "<group>";
		};
		5BBADC3F61010B31AD952E8C /* Pods */ = {
			isa = PBXGroup;
			children = (
				9514E30A35C50A1483D3C152 /* Pods-Drinto.debug.xcconfig */,
				8516DFE818CC14F70192E3F3 /* Pods-Drinto.release.xcconfig */,
			);
			path = Pods;
			sourceTree = "<group>";
		};
/* End PBXGroup section */

/* Begin PBXNativeTarget section */
		539DE6CA271FC9D800720AF7 /* Drinto */ = {
			isa = PBXNativeTarget;
			buildConfigurationList = 539DE6DF271FC9DA00720AF7 /* Build configuration list for PBXNativeTarget "Drinto" */;
			buildPhases = (
				7CDBABAAEC11572865B5EBC4 /* [CP] Check Pods Manifest.lock */,
				539DE6C7271FC9D800720AF7 /* Sources */,
				539DE6C8271FC9D800720AF7 /* Frameworks */,
				539DE6C9271FC9D800720AF7 /* Resources */,
				2A3845B0E7687D6ADECEED29 /* [CP] Embed Pods Frameworks */,
				53DAECD5283784EE0069D744 /* ShellScript */,
			);
			buildRules = (
			);
			dependencies = (
			);
			name = Drinto;
			productName = Drinto;
			productReference = 539DE6CB271FC9D800720AF7 /* Drinto.app */;
			productType = "com.apple.product-type.application";
		};
/* End PBXNativeTarget section */

/* Begin PBXProject section */
		539DE6C3271FC9D800720AF7 /* Project object */ = {
			isa = PBXProject;
			attributes = {
				BuildIndependentTargetsInParallel = 1;
				LastSwiftUpdateCheck = 1300;
				LastUpgradeCheck = 1300;
				TargetAttributes = {
					539DE6CA271FC9D800720AF7 = {
						CreatedOnToolsVersion = 13.0;
					};
				};
			};
			buildConfigurationList = 539DE6C6271FC9D800720AF7 /* Build configuration list for PBXProject "Drinto" */;
			compatibilityVersion = "Xcode 13.0";
			developmentRegion = en;
			hasScannedForEncodings = 0;
			knownRegions = (
				en,
				Base,
			);
			mainGroup = 539DE6C2271FC9D800720AF7;
			productRefGroup = 539DE6CC271FC9D800720AF7 /* Products */;
			projectDirPath = "";
			projectRoot = "";
			targets = (
				539DE6CA271FC9D800720AF7 /* Drinto */,
			);
		};
/* End PBXProject section */

/* Begin PBXResourcesBuildPhase section */
		539DE6C9271FC9D800720AF7 /* Resources */ = {
			isa = PBXResourcesBuildPhase;
			buildActionMask = 2147483647;
			files = (
				539DE6DB271FC9DA00720AF7 /* LaunchScreen.storyboard in Resources */,
				5324315E2839A07A005A8170 /* DrinkMemoryTableViewCell.xib in Resources */,
				539DE6D8271FC9DA00720AF7 /* Assets.xcassets in Resources */,
				539DE6D6271FC9D800720AF7 /* Main.storyboard in Resources */,
				532431642839A0AB005A8170 /* DrinkNewsTableViewCell.xib in Resources */,
			);
			runOnlyForDeploymentPostprocessing = 0;
		};
/* End PBXResourcesBuildPhase section */

/* Begin PBXShellScriptBuildPhase section */
		2A3845B0E7687D6ADECEED29 /* [CP] Embed Pods Frameworks */ = {
			isa = PBXShellScriptBuildPhase;
			buildActionMask = 2147483647;
			files = (
			);
			inputFileListPaths = (
				"${PODS_ROOT}/Target Support Files/Pods-Drinto/Pods-Drinto-frameworks-${CONFIGURATION}-input-files.xcfilelist",
			);
			name = "[CP] Embed Pods Frameworks";
			outputFileListPaths = (
				"${PODS_ROOT}/Target Support Files/Pods-Drinto/Pods-Drinto-frameworks-${CONFIGURATION}-output-files.xcfilelist",
			);
			runOnlyForDeploymentPostprocessing = 0;
			shellPath = /bin/sh;
			shellScript = "\"${PODS_ROOT}/Target Support Files/Pods-Drinto/Pods-Drinto-frameworks.sh\"\n";
			showEnvVarsInLog = 0;
		};
		53DAECD5283784EE0069D744 /* ShellScript */ = {
			isa = PBXShellScriptBuildPhase;
			buildActionMask = 2147483647;
			files = (
			);
			inputFileListPaths = (
			);
			inputPaths = (
			);
			outputFileListPaths = (
			);
			outputPaths = (
			);
			runOnlyForDeploymentPostprocessing = 0;
			shellPath = /bin/sh;
			shellScript = "if which \"${PODS_ROOT}/SwiftLint/swiftlint\" >/dev/null; then\n${PODS_ROOT}/SwiftLint/swiftlint\nelse\necho \"warning: SwiftLint not installed, download from https://github.com/realm/SwiftLint\"\nfi\n";
		};
		7CDBABAAEC11572865B5EBC4 /* [CP] Check Pods Manifest.lock */ = {
			isa = PBXShellScriptBuildPhase;
			buildActionMask = 2147483647;
			files = (
			);
			inputFileListPaths = (
			);
			inputPaths = (
				"${PODS_PODFILE_DIR_PATH}/Podfile.lock",
				"${PODS_ROOT}/Manifest.lock",
			);
			name = "[CP] Check Pods Manifest.lock";
			outputFileListPaths = (
			);
			outputPaths = (
				"$(DERIVED_FILE_DIR)/Pods-Drinto-checkManifestLockResult.txt",
			);
			runOnlyForDeploymentPostprocessing = 0;
			shellPath = /bin/sh;
			shellScript = "diff \"${PODS_PODFILE_DIR_PATH}/Podfile.lock\" \"${PODS_ROOT}/Manifest.lock\" > /dev/null\nif [ $? != 0 ] ; then\n    # print error to STDERR\n    echo \"error: The sandbox is not in sync with the Podfile.lock. Run 'pod install' or update your CocoaPods installation.\" >&2\n    exit 1\nfi\n# This output is used by Xcode 'outputs' to avoid re-running this script phase.\necho \"SUCCESS\" > \"${SCRIPT_OUTPUT_FILE_0}\"\n";
			showEnvVarsInLog = 0;
		};
/* End PBXShellScriptBuildPhase section */

/* Begin PBXSourcesBuildPhase section */
		539DE6C7271FC9D800720AF7 /* Sources */ = {
			isa = PBXSourcesBuildPhase;
			buildActionMask = 2147483647;
			files = (
				5324315D2839A07A005A8170 /* DrinkMemoryTableViewCell.swift in Sources */,
				532431632839A0AB005A8170 /* DrinkNewsTableViewCell.swift in Sources */,
				53287BA42837758B00C2B96D /* SignInViewController.swift in Sources */,
				53287BA8283775F900C2B96D /* TopPageViewController.swift in Sources */,
				539DE6E6271FCD7900720AF7 /* TabBarViewController.swift in Sources */,
				531E83692842FB610036FE76 /* NewsDataModel.swift in Sources */,
				53287B9A283774E300C2B96D /* DrinkmemoryViewController.swift in Sources */,
				53287B9E2837750500C2B96D /* MyPageViewController.swift in Sources */,
				53287BA62837759E00C2B96D /* SignUpViewController.swift in Sources */,
				53287B9C283774F400C2B96D /* DrinkNewsViewController.swift in Sources */,
				53287BB02837782000C2B96D /* LaunchViewController.swift in Sources */,
				539DE6CF271FC9D800720AF7 /* AppDelegate.swift in Sources */,
				539DE6D1271FC9D800720AF7 /* SceneDelegate.swift in Sources */,
				53287BA02837751400C2B96D /* MapViewController.swift in Sources */,
				53287BA22837757000C2B96D /* AddDrinkViewController.swift in Sources */,
			);
			runOnlyForDeploymentPostprocessing = 0;
		};
/* End PBXSourcesBuildPhase section */

/* Begin PBXVariantGroup section */
		539DE6D4271FC9D800720AF7 /* Main.storyboard */ = {
			isa = PBXVariantGroup;
			children = (
				539DE6D5271FC9D800720AF7 /* Base */,
			);
			name = Main.storyboard;
			sourceTree = "<group>";
		};
		539DE6D9271FC9DA00720AF7 /* LaunchScreen.storyboard */ = {
			isa = PBXVariantGroup;
			children = (
				539DE6DA271FC9DA00720AF7 /* Base */,
			);
			name = LaunchScreen.storyboard;
			sourceTree = "<group>";
		};
/* End PBXVariantGroup section */

/* Begin XCBuildConfiguration section */
		539DE6DD271FC9DA00720AF7 /* Debug */ = {
			isa = XCBuildConfiguration;
			buildSettings = {
				ALWAYS_SEARCH_USER_PATHS = NO;
				CLANG_ANALYZER_NONNULL = YES;
				CLANG_ANALYZER_NUMBER_OBJECT_CONVERSION = YES_AGGRESSIVE;
				CLANG_CXX_LANGUAGE_STANDARD = "gnu++17";
				CLANG_CXX_LIBRARY = "libc++";
				CLANG_ENABLE_MODULES = YES;
				CLANG_ENABLE_OBJC_ARC = YES;
				CLANG_ENABLE_OBJC_WEAK = YES;
				CLANG_WARN_BLOCK_CAPTURE_AUTORELEASING = YES;
				CLANG_WARN_BOOL_CONVERSION = YES;
				CLANG_WARN_COMMA = YES;
				CLANG_WARN_CONSTANT_CONVERSION = YES;
				CLANG_WARN_DEPRECATED_OBJC_IMPLEMENTATIONS = YES;
				CLANG_WARN_DIRECT_OBJC_ISA_USAGE = YES_ERROR;
				CLANG_WARN_DOCUMENTATION_COMMENTS = YES;
				CLANG_WARN_EMPTY_BODY = YES;
				CLANG_WARN_ENUM_CONVERSION = YES;
				CLANG_WARN_INFINITE_RECURSION = YES;
				CLANG_WARN_INT_CONVERSION = YES;
				CLANG_WARN_NON_LITERAL_NULL_CONVERSION = YES;
				CLANG_WARN_OBJC_IMPLICIT_RETAIN_SELF = YES;
				CLANG_WARN_OBJC_LITERAL_CONVERSION = YES;
				CLANG_WARN_OBJC_ROOT_CLASS = YES_ERROR;
				CLANG_WARN_QUOTED_INCLUDE_IN_FRAMEWORK_HEADER = YES;
				CLANG_WARN_RANGE_LOOP_ANALYSIS = YES;
				CLANG_WARN_STRICT_PROTOTYPES = YES;
				CLANG_WARN_SUSPICIOUS_MOVE = YES;
				CLANG_WARN_UNGUARDED_AVAILABILITY = YES_AGGRESSIVE;
				CLANG_WARN_UNREACHABLE_CODE = YES;
				CLANG_WARN__DUPLICATE_METHOD_MATCH = YES;
				COPY_PHASE_STRIP = NO;
				DEBUG_INFORMATION_FORMAT = dwarf;
				ENABLE_STRICT_OBJC_MSGSEND = YES;
				ENABLE_TESTABILITY = YES;
				GCC_C_LANGUAGE_STANDARD = gnu11;
				GCC_DYNAMIC_NO_PIC = NO;
				GCC_NO_COMMON_BLOCKS = YES;
				GCC_OPTIMIZATION_LEVEL = 0;
				GCC_PREPROCESSOR_DEFINITIONS = (
					"DEBUG=1",
					"$(inherited)",
				);
				GCC_WARN_64_TO_32_BIT_CONVERSION = YES;
				GCC_WARN_ABOUT_RETURN_TYPE = YES_ERROR;
				GCC_WARN_UNDECLARED_SELECTOR = YES;
				GCC_WARN_UNINITIALIZED_AUTOS = YES_AGGRESSIVE;
				GCC_WARN_UNUSED_FUNCTION = YES;
				GCC_WARN_UNUSED_VARIABLE = YES;
				IPHONEOS_DEPLOYMENT_TARGET = 15.0;
				MTL_ENABLE_DEBUG_INFO = INCLUDE_SOURCE;
				MTL_FAST_MATH = YES;
				ONLY_ACTIVE_ARCH = YES;
				SDKROOT = iphoneos;
				SWIFT_ACTIVE_COMPILATION_CONDITIONS = DEBUG;
				SWIFT_OPTIMIZATION_LEVEL = "-Onone";
			};
			name = Debug;
		};
		539DE6DE271FC9DA00720AF7 /* Release */ = {
			isa = XCBuildConfiguration;
			buildSettings = {
				ALWAYS_SEARCH_USER_PATHS = NO;
				CLANG_ANALYZER_NONNULL = YES;
				CLANG_ANALYZER_NUMBER_OBJECT_CONVERSION = YES_AGGRESSIVE;
				CLANG_CXX_LANGUAGE_STANDARD = "gnu++17";
				CLANG_CXX_LIBRARY = "libc++";
				CLANG_ENABLE_MODULES = YES;
				CLANG_ENABLE_OBJC_ARC = YES;
				CLANG_ENABLE_OBJC_WEAK = YES;
				CLANG_WARN_BLOCK_CAPTURE_AUTORELEASING = YES;
				CLANG_WARN_BOOL_CONVERSION = YES;
				CLANG_WARN_COMMA = YES;
				CLANG_WARN_CONSTANT_CONVERSION = YES;
				CLANG_WARN_DEPRECATED_OBJC_IMPLEMENTATIONS = YES;
				CLANG_WARN_DIRECT_OBJC_ISA_USAGE = YES_ERROR;
				CLANG_WARN_DOCUMENTATION_COMMENTS = YES;
				CLANG_WARN_EMPTY_BODY = YES;
				CLANG_WARN_ENUM_CONVERSION = YES;
				CLANG_WARN_INFINITE_RECURSION = YES;
				CLANG_WARN_INT_CONVERSION = YES;
				CLANG_WARN_NON_LITERAL_NULL_CONVERSION = YES;
				CLANG_WARN_OBJC_IMPLICIT_RETAIN_SELF = YES;
				CLANG_WARN_OBJC_LITERAL_CONVERSION = YES;
				CLANG_WARN_OBJC_ROOT_CLASS = YES_ERROR;
				CLANG_WARN_QUOTED_INCLUDE_IN_FRAMEWORK_HEADER = YES;
				CLANG_WARN_RANGE_LOOP_ANALYSIS = YES;
				CLANG_WARN_STRICT_PROTOTYPES = YES;
				CLANG_WARN_SUSPICIOUS_MOVE = YES;
				CLANG_WARN_UNGUARDED_AVAILABILITY = YES_AGGRESSIVE;
				CLANG_WARN_UNREACHABLE_CODE = YES;
				CLANG_WARN__DUPLICATE_METHOD_MATCH = YES;
				COPY_PHASE_STRIP = NO;
				DEBUG_INFORMATION_FORMAT = "dwarf-with-dsym";
				ENABLE_NS_ASSERTIONS = NO;
				ENABLE_STRICT_OBJC_MSGSEND = YES;
				GCC_C_LANGUAGE_STANDARD = gnu11;
				GCC_NO_COMMON_BLOCKS = YES;
				GCC_WARN_64_TO_32_BIT_CONVERSION = YES;
				GCC_WARN_ABOUT_RETURN_TYPE = YES_ERROR;
				GCC_WARN_UNDECLARED_SELECTOR = YES;
				GCC_WARN_UNINITIALIZED_AUTOS = YES_AGGRESSIVE;
				GCC_WARN_UNUSED_FUNCTION = YES;
				GCC_WARN_UNUSED_VARIABLE = YES;
				IPHONEOS_DEPLOYMENT_TARGET = 15.0;
				MTL_ENABLE_DEBUG_INFO = NO;
				MTL_FAST_MATH = YES;
				SDKROOT = iphoneos;
				SWIFT_COMPILATION_MODE = wholemodule;
				SWIFT_OPTIMIZATION_LEVEL = "-O";
				VALIDATE_PRODUCT = YES;
			};
			name = Release;
		};
		539DE6E0271FC9DA00720AF7 /* Debug */ = {
			isa = XCBuildConfiguration;
			baseConfigurationReference = 9514E30A35C50A1483D3C152 /* Pods-Drinto.debug.xcconfig */;
			buildSettings = {
				ASSETCATALOG_COMPILER_APPICON_NAME = AppIcon;
				ASSETCATALOG_COMPILER_GLOBAL_ACCENT_COLOR_NAME = AccentColor;
				CODE_SIGN_STYLE = Automatic;
				CURRENT_PROJECT_VERSION = 1;
				DEVELOPMENT_TEAM = X5LBWH4CYQ;
				GENERATE_INFOPLIST_FILE = YES;
				INFOPLIST_FILE = Drinto/Info.plist;
				INFOPLIST_KEY_UIApplicationSupportsIndirectInputEvents = YES;
				INFOPLIST_KEY_UILaunchStoryboardName = LaunchScreen;
				INFOPLIST_KEY_UIMainStoryboardFile = Main;
				INFOPLIST_KEY_UISupportedInterfaceOrientations = UIInterfaceOrientationPortrait;
				INFOPLIST_KEY_UISupportedInterfaceOrientations_iPad = "UIInterfaceOrientationPortrait UIInterfaceOrientationPortraitUpsideDown UIInterfaceOrientationLandscapeLeft UIInterfaceOrientationLandscapeRight";
				INFOPLIST_KEY_UISupportedInterfaceOrientations_iPhone = "UIInterfaceOrientationPortrait UIInterfaceOrientationLandscapeLeft UIInterfaceOrientationLandscapeRight";
				LD_RUNPATH_SEARCH_PATHS = (
					"$(inherited)",
					"@executable_path/Frameworks",
				);
				MARKETING_VERSION = 1.0;
				PRODUCT_BUNDLE_IDENTIFIER = com.hiroakiapp.Drinto;
				PRODUCT_NAME = "$(TARGET_NAME)";
				SWIFT_EMIT_LOC_STRINGS = YES;
				SWIFT_VERSION = 5.0;
				TARGETED_DEVICE_FAMILY = "1,2";
			};
			name = Debug;
		};
		539DE6E1271FC9DA00720AF7 /* Release */ = {
			isa = XCBuildConfiguration;
			baseConfigurationReference = 8516DFE818CC14F70192E3F3 /* Pods-Drinto.release.xcconfig */;
			buildSettings = {
				ASSETCATALOG_COMPILER_APPICON_NAME = AppIcon;
				ASSETCATALOG_COMPILER_GLOBAL_ACCENT_COLOR_NAME = AccentColor;
				CODE_SIGN_STYLE = Automatic;
				CURRENT_PROJECT_VERSION = 1;
				DEVELOPMENT_TEAM = X5LBWH4CYQ;
				GENERATE_INFOPLIST_FILE = YES;
				INFOPLIST_FILE = Drinto/Info.plist;
				INFOPLIST_KEY_UIApplicationSupportsIndirectInputEvents = YES;
				INFOPLIST_KEY_UILaunchStoryboardName = LaunchScreen;
				INFOPLIST_KEY_UIMainStoryboardFile = Main;
				INFOPLIST_KEY_UISupportedInterfaceOrientations = UIInterfaceOrientationPortrait;
				INFOPLIST_KEY_UISupportedInterfaceOrientations_iPad = "UIInterfaceOrientationPortrait UIInterfaceOrientationPortraitUpsideDown UIInterfaceOrientationLandscapeLeft UIInterfaceOrientationLandscapeRight";
				INFOPLIST_KEY_UISupportedInterfaceOrientations_iPhone = "UIInterfaceOrientationPortrait UIInterfaceOrientationLandscapeLeft UIInterfaceOrientationLandscapeRight";
				LD_RUNPATH_SEARCH_PATHS = (
					"$(inherited)",
					"@executable_path/Frameworks",
				);
				MARKETING_VERSION = 1.0;
				PRODUCT_BUNDLE_IDENTIFIER = com.hiroakiapp.Drinto;
				PRODUCT_NAME = "$(TARGET_NAME)";
				SWIFT_EMIT_LOC_STRINGS = YES;
				SWIFT_VERSION = 5.0;
				TARGETED_DEVICE_FAMILY = "1,2";
			};
			name = Release;
		};
/* End XCBuildConfiguration section */

/* Begin XCConfigurationList section */
		539DE6C6271FC9D800720AF7 /* Build configuration list for PBXProject "Drinto" */ = {
			isa = XCConfigurationList;
			buildConfigurations = (
				539DE6DD271FC9DA00720AF7 /* Debug */,
				539DE6DE271FC9DA00720AF7 /* Release */,
			);
			defaultConfigurationIsVisible = 0;
			defaultConfigurationName = Release;
		};
		539DE6DF271FC9DA00720AF7 /* Build configuration list for PBXNativeTarget "Drinto" */ = {
			isa = XCConfigurationList;
			buildConfigurations = (
				539DE6E0271FC9DA00720AF7 /* Debug */,
				539DE6E1271FC9DA00720AF7 /* Release */,
			);
			defaultConfigurationIsVisible = 0;
			defaultConfigurationName = Release;
		};
/* End XCConfigurationList section */
	};
	rootObject = 539DE6C3271FC9D800720AF7 /* Project object */;
}
