// !$*UTF8*$!
{
	archiveVersion = 1;
	classes = {
	};
	objectVersion = 55;
	objects = {

/* Begin PBXBuildFile section */
		530613DF295C44360079ECA2 /* FirebaseStorage in Frameworks */ = {isa = PBXBuildFile; productRef = 530613DE295C44360079ECA2 /* FirebaseStorage */; };
		530613E1295C443A0079ECA2 /* FirebaseAuth in Frameworks */ = {isa = PBXBuildFile; productRef = 530613E0295C443A0079ECA2 /* FirebaseAuth */; };
		530613E3295C44420079ECA2 /* FirebaseFirestore in Frameworks */ = {isa = PBXBuildFile; productRef = 530613E2295C44420079ECA2 /* FirebaseFirestore */; };
		530613E5295E81C90079ECA2 /* DrinkFeatureCheckModel.swift in Sources */ = {isa = PBXBuildFile; fileRef = 530613E4295E81C90079ECA2 /* DrinkFeatureCheckModel.swift */; };
		5313E50B2956AEDD0030570B /* FirebaseAuth in Frameworks */ = {isa = PBXBuildFile; productRef = 5313E50A2956AEDD0030570B /* FirebaseAuth */; };
		5313E50D2956AEDD0030570B /* FirebaseFirestore in Frameworks */ = {isa = PBXBuildFile; productRef = 5313E50C2956AEDD0030570B /* FirebaseFirestore */; };
		5313E50F2956AEDD0030570B /* FirebaseStorage in Frameworks */ = {isa = PBXBuildFile; productRef = 5313E50E2956AEDD0030570B /* FirebaseStorage */; };
		5313E5132956B7C20030570B /* GoogleService-Info.plist in Resources */ = {isa = PBXBuildFile; fileRef = 5313E5122956B7C20030570B /* GoogleService-Info.plist */; };
		531E83692842FB610036FE76 /* NewsDataModel.swift in Sources */ = {isa = PBXBuildFile; fileRef = 531E83682842FB610036FE76 /* NewsDataModel.swift */; };
		5324315D2839A07A005A8170 /* DrinkMemoryTableViewCell.swift in Sources */ = {isa = PBXBuildFile; fileRef = 5324315B2839A07A005A8170 /* DrinkMemoryTableViewCell.swift */; };
		5324315E2839A07A005A8170 /* DrinkMemoryTableViewCell.xib in Resources */ = {isa = PBXBuildFile; fileRef = 5324315C2839A07A005A8170 /* DrinkMemoryTableViewCell.xib */; };
		53287B9A283774E300C2B96D /* DrinkmemoryViewController.swift in Sources */ = {isa = PBXBuildFile; fileRef = 53287B99283774E300C2B96D /* DrinkmemoryViewController.swift */; };
		53287B9E2837750500C2B96D /* MyPageViewController.swift in Sources */ = {isa = PBXBuildFile; fileRef = 53287B9D2837750500C2B96D /* MyPageViewController.swift */; };
		53287BA02837751400C2B96D /* MapViewController.swift in Sources */ = {isa = PBXBuildFile; fileRef = 53287B9F2837751400C2B96D /* MapViewController.swift */; };
		53287BA22837757000C2B96D /* AddDrinkViewController.swift in Sources */ = {isa = PBXBuildFile; fileRef = 53287BA12837757000C2B96D /* AddDrinkViewController.swift */; };
		53287BA42837758B00C2B96D /* SignInViewController.swift in Sources */ = {isa = PBXBuildFile; fileRef = 53287BA32837758B00C2B96D /* SignInViewController.swift */; };
		53287BA62837759E00C2B96D /* SignUpViewController.swift in Sources */ = {isa = PBXBuildFile; fileRef = 53287BA52837759E00C2B96D /* SignUpViewController.swift */; };
		53287BA8283775F900C2B96D /* TopPageViewController.swift in Sources */ = {isa = PBXBuildFile; fileRef = 53287BA7283775F900C2B96D /* TopPageViewController.swift */; };
		53287BB02837782000C2B96D /* LaunchViewController.swift in Sources */ = {isa = PBXBuildFile; fileRef = 53287BAF2837782000C2B96D /* LaunchViewController.swift */; };
		532D0F4829457C11005ABF6B /* DrinkImageModel.swift in Sources */ = {isa = PBXBuildFile; fileRef = 532D0F4729457C11005ABF6B /* DrinkImageModel.swift */; };
		532D0F522945835E005ABF6B /* DrintoTests.swift in Sources */ = {isa = PBXBuildFile; fileRef = 532D0F512945835E005ABF6B /* DrintoTests.swift */; };
		532D0F5A29458A7D005ABF6B /* RealmSwift in Frameworks */ = {isa = PBXBuildFile; productRef = 532D0F5929458A7D005ABF6B /* RealmSwift */; };
		533EEBC92880164D00E63F79 /* ChartView.swift in Sources */ = {isa = PBXBuildFile; fileRef = 533EEBC82880164D00E63F79 /* ChartView.swift */; };
		53452DAA28571247008F2444 /* DrinkMemorySwiftModel.swift in Sources */ = {isa = PBXBuildFile; fileRef = 53452DA928571247008F2444 /* DrinkMemorySwiftModel.swift */; };
		535B26AE298E47F6000DCBC5 /* DrinkCategoryModel.swift in Sources */ = {isa = PBXBuildFile; fileRef = 535B26AD298E47F6000DCBC5 /* DrinkCategoryModel.swift */; };
		5367DB7D29B09EBE008889E0 /* YoutubeAPIDecordModel.swift in Sources */ = {isa = PBXBuildFile; fileRef = 5367DB7C29B09EBE008889E0 /* YoutubeAPIDecordModel.swift */; };
		5367DB8129B5658F008889E0 /* YoutubeAPIResultTableViewCell.swift in Sources */ = {isa = PBXBuildFile; fileRef = 5367DB7F29B5658F008889E0 /* YoutubeAPIResultTableViewCell.swift */; };
		5367DB8229B5658F008889E0 /* YoutubeAPIResultTableViewCell.xib in Resources */ = {isa = PBXBuildFile; fileRef = 5367DB8029B5658F008889E0 /* YoutubeAPIResultTableViewCell.xib */; };
		5367DB8429BD824F008889E0 /* YoutubePlayerViewController.swift in Sources */ = {isa = PBXBuildFile; fileRef = 5367DB8329BD824F008889E0 /* YoutubePlayerViewController.swift */; };
		5367DB8729BD8B66008889E0 /* YouTubeiOSPlayerHelper in Frameworks */ = {isa = PBXBuildFile; productRef = 5367DB8629BD8B66008889E0 /* YouTubeiOSPlayerHelper */; };
		5367DB8929C02798008889E0 /* AccessToken.swift in Sources */ = {isa = PBXBuildFile; fileRef = 5367DB8829C02798008889E0 /* AccessToken.swift */; };
		536839892940544E0078D81E /* RealmSwift in Frameworks */ = {isa = PBXBuildFile; productRef = 536839882940544E0078D81E /* RealmSwift */; };
		53726E1F29AD7E9400AD5636 /* YoutubeDataModel.swift in Sources */ = {isa = PBXBuildFile; fileRef = 53726E1E29AD7E9400AD5636 /* YoutubeDataModel.swift */; };
		53726E2129AD7ECF00AD5636 /* FetchDataModel.swift in Sources */ = {isa = PBXBuildFile; fileRef = 53726E2029AD7ECF00AD5636 /* FetchDataModel.swift */; };
		5377898F2851C6C40056576C /* DrinkMemoryRealmModel.swift in Sources */ = {isa = PBXBuildFile; fileRef = 5377898E2851C6C40056576C /* DrinkMemoryRealmModel.swift */; };
		537789912851C6E90056576C /* DrinkMemoryRepository.swift in Sources */ = {isa = PBXBuildFile; fileRef = 537789902851C6E90056576C /* DrinkMemoryRepository.swift */; };
		537789932851C7170056576C /* DrinkMemoryFirebaseModel.swift in Sources */ = {isa = PBXBuildFile; fileRef = 537789922851C7170056576C /* DrinkMemoryFirebaseModel.swift */; };
		537789952851C7290056576C /* DrinkMemoryPresenter.swift in Sources */ = {isa = PBXBuildFile; fileRef = 537789942851C7290056576C /* DrinkMemoryPresenter.swift */; };
		5386CCEA284AD6AC006F1A14 /* FetchDrinkNewsData.swift in Sources */ = {isa = PBXBuildFile; fileRef = 5386CCE9284AD6AC006F1A14 /* FetchDrinkNewsData.swift */; };
		5386CCEC284ADD85006F1A14 /* DrinkNewsPresenter.swift in Sources */ = {isa = PBXBuildFile; fileRef = 5386CCEB284ADD85006F1A14 /* DrinkNewsPresenter.swift */; };
		539DE6CF271FC9D800720AF7 /* AppDelegate.swift in Sources */ = {isa = PBXBuildFile; fileRef = 539DE6CE271FC9D800720AF7 /* AppDelegate.swift */; };
		539DE6D1271FC9D800720AF7 /* SceneDelegate.swift in Sources */ = {isa = PBXBuildFile; fileRef = 539DE6D0271FC9D800720AF7 /* SceneDelegate.swift */; };
		539DE6D6271FC9D800720AF7 /* Main.storyboard in Resources */ = {isa = PBXBuildFile; fileRef = 539DE6D4271FC9D800720AF7 /* Main.storyboard */; };
		539DE6D8271FC9DA00720AF7 /* Assets.xcassets in Resources */ = {isa = PBXBuildFile; fileRef = 539DE6D7271FC9DA00720AF7 /* Assets.xcassets */; };
		539DE6DB271FC9DA00720AF7 /* LaunchScreen.storyboard in Resources */ = {isa = PBXBuildFile; fileRef = 539DE6D9271FC9DA00720AF7 /* LaunchScreen.storyboard */; };
		539DE6E6271FCD7900720AF7 /* TabBarViewController.swift in Sources */ = {isa = PBXBuildFile; fileRef = 539DE6E5271FCD7900720AF7 /* TabBarViewController.swift */; };
		53B681DD29A2ED79003327B6 /* YoutubeAPIPresenter.swift in Sources */ = {isa = PBXBuildFile; fileRef = 53B681DC29A2ED79003327B6 /* YoutubeAPIPresenter.swift */; };
		53B681DF29A2ED9F003327B6 /* YoutubeAPIResultViewController.swift in Sources */ = {isa = PBXBuildFile; fileRef = 53B681DE29A2ED9F003327B6 /* YoutubeAPIResultViewController.swift */; };
		53D83FC9287F05B400CFC7EF /* DetailDrinkMemoryViewController.swift in Sources */ = {isa = PBXBuildFile; fileRef = 53D83FC8287F05B400CFC7EF /* DetailDrinkMemoryViewController.swift */; };
/* End PBXBuildFile section */

/* Begin PBXContainerItemProxy section */
		532D0F532945835E005ABF6B /* PBXContainerItemProxy */ = {
			isa = PBXContainerItemProxy;
			containerPortal = 539DE6C3271FC9D800720AF7 /* Project object */;
			proxyType = 1;
			remoteGlobalIDString = 539DE6CA271FC9D800720AF7;
			remoteInfo = Drinto;
		};
/* End PBXContainerItemProxy section */

/* Begin PBXFileReference section */
		530613E4295E81C90079ECA2 /* DrinkFeatureCheckModel.swift */ = {isa = PBXFileReference; lastKnownFileType = sourcecode.swift; name = DrinkFeatureCheckModel.swift; path = Drinto/Model/DrinkMemory/DrinkFeature/DrinkFeatureCheckModel.swift; sourceTree = SOURCE_ROOT; };
		5313E5122956B7C20030570B /* GoogleService-Info.plist */ = {isa = PBXFileReference; fileEncoding = 4; lastKnownFileType = text.plist.xml; path = "GoogleService-Info.plist"; sourceTree = "<group>"; };
		531E83682842FB610036FE76 /* NewsDataModel.swift */ = {isa = PBXFileReference; lastKnownFileType = sourcecode.swift; path = NewsDataModel.swift; sourceTree = "<group>"; };
		5324315B2839A07A005A8170 /* DrinkMemoryTableViewCell.swift */ = {isa = PBXFileReference; lastKnownFileType = sourcecode.swift; path = DrinkMemoryTableViewCell.swift; sourceTree = "<group>"; };
		5324315C2839A07A005A8170 /* DrinkMemoryTableViewCell.xib */ = {isa = PBXFileReference; lastKnownFileType = file.xib; path = DrinkMemoryTableViewCell.xib; sourceTree = "<group>"; };
		53287B99283774E300C2B96D /* DrinkmemoryViewController.swift */ = {isa = PBXFileReference; lastKnownFileType = sourcecode.swift; path = DrinkmemoryViewController.swift; sourceTree = "<group>"; };
		53287B9D2837750500C2B96D /* MyPageViewController.swift */ = {isa = PBXFileReference; lastKnownFileType = sourcecode.swift; path = MyPageViewController.swift; sourceTree = "<group>"; };
		53287B9F2837751400C2B96D /* MapViewController.swift */ = {isa = PBXFileReference; lastKnownFileType = sourcecode.swift; path = MapViewController.swift; sourceTree = "<group>"; };
		53287BA12837757000C2B96D /* AddDrinkViewController.swift */ = {isa = PBXFileReference; lastKnownFileType = sourcecode.swift; path = AddDrinkViewController.swift; sourceTree = "<group>"; };
		53287BA32837758B00C2B96D /* SignInViewController.swift */ = {isa = PBXFileReference; lastKnownFileType = sourcecode.swift; path = SignInViewController.swift; sourceTree = "<group>"; };
		53287BA52837759E00C2B96D /* SignUpViewController.swift */ = {isa = PBXFileReference; lastKnownFileType = sourcecode.swift; path = SignUpViewController.swift; sourceTree = "<group>"; };
		53287BA7283775F900C2B96D /* TopPageViewController.swift */ = {isa = PBXFileReference; lastKnownFileType = sourcecode.swift; path = TopPageViewController.swift; sourceTree = "<group>"; };
		53287BAF2837782000C2B96D /* LaunchViewController.swift */ = {isa = PBXFileReference; lastKnownFileType = sourcecode.swift; path = LaunchViewController.swift; sourceTree = "<group>"; };
		532D0F4729457C11005ABF6B /* DrinkImageModel.swift */ = {isa = PBXFileReference; lastKnownFileType = sourcecode.swift; path = DrinkImageModel.swift; sourceTree = "<group>"; };
		532D0F4F2945835D005ABF6B /* DrintoTests.xctest */ = {isa = PBXFileReference; explicitFileType = wrapper.cfbundle; includeInIndex = 0; path = DrintoTests.xctest; sourceTree = BUILT_PRODUCTS_DIR; };
		532D0F512945835E005ABF6B /* DrintoTests.swift */ = {isa = PBXFileReference; lastKnownFileType = sourcecode.swift; path = DrintoTests.swift; sourceTree = "<group>"; };
		533EEBC82880164D00E63F79 /* ChartView.swift */ = {isa = PBXFileReference; lastKnownFileType = sourcecode.swift; path = ChartView.swift; sourceTree = "<group>"; };
		53452DA928571247008F2444 /* DrinkMemorySwiftModel.swift */ = {isa = PBXFileReference; lastKnownFileType = sourcecode.swift; path = DrinkMemorySwiftModel.swift; sourceTree = "<group>"; };
		535B26AD298E47F6000DCBC5 /* DrinkCategoryModel.swift */ = {isa = PBXFileReference; lastKnownFileType = sourcecode.swift; path = DrinkCategoryModel.swift; sourceTree = "<group>"; };
		5367DB7C29B09EBE008889E0 /* YoutubeAPIDecordModel.swift */ = {isa = PBXFileReference; lastKnownFileType = sourcecode.swift; path = YoutubeAPIDecordModel.swift; sourceTree = "<group>"; };
		5367DB7F29B5658F008889E0 /* YoutubeAPIResultTableViewCell.swift */ = {isa = PBXFileReference; lastKnownFileType = sourcecode.swift; path = YoutubeAPIResultTableViewCell.swift; sourceTree = "<group>"; };
		5367DB8029B5658F008889E0 /* YoutubeAPIResultTableViewCell.xib */ = {isa = PBXFileReference; lastKnownFileType = file.xib; path = YoutubeAPIResultTableViewCell.xib; sourceTree = "<group>"; };
		5367DB8329BD824F008889E0 /* YoutubePlayerViewController.swift */ = {isa = PBXFileReference; lastKnownFileType = sourcecode.swift; path = YoutubePlayerViewController.swift; sourceTree = "<group>"; };
		5367DB8829C02798008889E0 /* AccessToken.swift */ = {isa = PBXFileReference; lastKnownFileType = sourcecode.swift; path = AccessToken.swift; sourceTree = "<group>"; };
		53726E1E29AD7E9400AD5636 /* YoutubeDataModel.swift */ = {isa = PBXFileReference; lastKnownFileType = sourcecode.swift; path = YoutubeDataModel.swift; sourceTree = "<group>"; };
		53726E2029AD7ECF00AD5636 /* FetchDataModel.swift */ = {isa = PBXFileReference; lastKnownFileType = sourcecode.swift; path = FetchDataModel.swift; sourceTree = "<group>"; };
		5377898E2851C6C40056576C /* DrinkMemoryRealmModel.swift */ = {isa = PBXFileReference; lastKnownFileType = sourcecode.swift; path = DrinkMemoryRealmModel.swift; sourceTree = "<group>"; };
		537789902851C6E90056576C /* DrinkMemoryRepository.swift */ = {isa = PBXFileReference; lastKnownFileType = sourcecode.swift; path = DrinkMemoryRepository.swift; sourceTree = "<group>"; };
		537789922851C7170056576C /* DrinkMemoryFirebaseModel.swift */ = {isa = PBXFileReference; lastKnownFileType = sourcecode.swift; path = DrinkMemoryFirebaseModel.swift; sourceTree = "<group>"; };
		537789942851C7290056576C /* DrinkMemoryPresenter.swift */ = {isa = PBXFileReference; lastKnownFileType = sourcecode.swift; path = DrinkMemoryPresenter.swift; sourceTree = "<group>"; };
		5386CCE9284AD6AC006F1A14 /* FetchDrinkNewsData.swift */ = {isa = PBXFileReference; lastKnownFileType = sourcecode.swift; path = FetchDrinkNewsData.swift; sourceTree = "<group>"; };
		5386CCEB284ADD85006F1A14 /* DrinkNewsPresenter.swift */ = {isa = PBXFileReference; lastKnownFileType = sourcecode.swift; path = DrinkNewsPresenter.swift; sourceTree = "<group>"; };
		539DE6CB271FC9D800720AF7 /* Drinto.app */ = {isa = PBXFileReference; explicitFileType = wrapper.application; includeInIndex = 0; path = Drinto.app; sourceTree = BUILT_PRODUCTS_DIR; };
		539DE6CE271FC9D800720AF7 /* AppDelegate.swift */ = {isa = PBXFileReference; lastKnownFileType = sourcecode.swift; path = AppDelegate.swift; sourceTree = "<group>"; };
		539DE6D0271FC9D800720AF7 /* SceneDelegate.swift */ = {isa = PBXFileReference; lastKnownFileType = sourcecode.swift; path = SceneDelegate.swift; sourceTree = "<group>"; };
		539DE6D5271FC9D800720AF7 /* Base */ = {isa = PBXFileReference; lastKnownFileType = file.storyboard; name = Base; path = Base.lproj/Main.storyboard; sourceTree = "<group>"; };
		539DE6D7271FC9DA00720AF7 /* Assets.xcassets */ = {isa = PBXFileReference; lastKnownFileType = folder.assetcatalog; path = Assets.xcassets; sourceTree = "<group>"; };
		539DE6DA271FC9DA00720AF7 /* Base */ = {isa = PBXFileReference; lastKnownFileType = file.storyboard; name = Base; path = Base.lproj/LaunchScreen.storyboard; sourceTree = "<group>"; };
		539DE6DC271FC9DA00720AF7 /* Info.plist */ = {isa = PBXFileReference; lastKnownFileType = text.plist.xml; path = Info.plist; sourceTree = "<group>"; };
		539DE6E5271FCD7900720AF7 /* TabBarViewController.swift */ = {isa = PBXFileReference; lastKnownFileType = sourcecode.swift; path = TabBarViewController.swift; sourceTree = "<group>"; };
		53B681DC29A2ED79003327B6 /* YoutubeAPIPresenter.swift */ = {isa = PBXFileReference; lastKnownFileType = sourcecode.swift; path = YoutubeAPIPresenter.swift; sourceTree = "<group>"; };
		53B681DE29A2ED9F003327B6 /* YoutubeAPIResultViewController.swift */ = {isa = PBXFileReference; lastKnownFileType = sourcecode.swift; path = YoutubeAPIResultViewController.swift; sourceTree = "<group>"; };
		53D83FC8287F05B400CFC7EF /* DetailDrinkMemoryViewController.swift */ = {isa = PBXFileReference; lastKnownFileType = sourcecode.swift; path = DetailDrinkMemoryViewController.swift; sourceTree = "<group>"; };
/* End PBXFileReference section */

/* Begin PBXFrameworksBuildPhase section */
		532D0F4C2945835D005ABF6B /* Frameworks */ = {
			isa = PBXFrameworksBuildPhase;
			buildActionMask = 2147483647;
			files = (
				532D0F5A29458A7D005ABF6B /* RealmSwift in Frameworks */,
				530613E3295C44420079ECA2 /* FirebaseFirestore in Frameworks */,
				530613E1295C443A0079ECA2 /* FirebaseAuth in Frameworks */,
				530613DF295C44360079ECA2 /* FirebaseStorage in Frameworks */,
			);
			runOnlyForDeploymentPostprocessing = 0;
		};
		539DE6C8271FC9D800720AF7 /* Frameworks */ = {
			isa = PBXFrameworksBuildPhase;
			buildActionMask = 2147483647;
			files = (
				536839892940544E0078D81E /* RealmSwift in Frameworks */,
				5313E50F2956AEDD0030570B /* FirebaseStorage in Frameworks */,
				5313E50B2956AEDD0030570B /* FirebaseAuth in Frameworks */,
				5313E50D2956AEDD0030570B /* FirebaseFirestore in Frameworks */,
				5367DB8729BD8B66008889E0 /* YouTubeiOSPlayerHelper in Frameworks */,
			);
			runOnlyForDeploymentPostprocessing = 0;
		};
/* End PBXFrameworksBuildPhase section */

/* Begin PBXGroup section */
		530613E6295E81DA0079ECA2 /* DrinkFeature */ = {
			isa = PBXGroup;
			children = (
				530613E4295E81C90079ECA2 /* DrinkFeatureCheckModel.swift */,
			);
			path = DrinkFeature;
			sourceTree = "<group>";
		};
		531E83602842F8E30036FE76 /* Model */ = {
			isa = PBXGroup;
			children = (
				532D0F4629457BEE005ABF6B /* DrinkImage */,
				531E83672842F95D0036FE76 /* DrinkMemory */,
				531E83652842F9360036FE76 /* DrinkNews */,
				531E83632842F91C0036FE76 /* Login */,
			);
			path = Model;
			sourceTree = "<group>";
		};
		531E83612842F8EA0036FE76 /* Presenter */ = {
			isa = PBXGroup;
			children = (
				531E83662842F9510036FE76 /* DrinkMemory */,
				531E83642842F92B0036FE76 /* DrinkNews */,
				531E83622842F9080036FE76 /* Login */,
			);
			path = Presenter;
			sourceTree = "<group>";
		};
		531E83622842F9080036FE76 /* Login */ = {
			isa = PBXGroup;
			children = (
			);
			path = Login;
			sourceTree = "<group>";
		};
		531E83632842F91C0036FE76 /* Login */ = {
			isa = PBXGroup;
			children = (
			);
			path = Login;
			sourceTree = "<group>";
		};
		531E83642842F92B0036FE76 /* DrinkNews */ = {
			isa = PBXGroup;
			children = (
				5386CCEB284ADD85006F1A14 /* DrinkNewsPresenter.swift */,
			);
			path = DrinkNews;
			sourceTree = "<group>";
		};
		531E83652842F9360036FE76 /* DrinkNews */ = {
			isa = PBXGroup;
			children = (
				531E83682842FB610036FE76 /* NewsDataModel.swift */,
				5386CCE9284AD6AC006F1A14 /* FetchDrinkNewsData.swift */,
			);
			path = DrinkNews;
			sourceTree = "<group>";
		};
		531E83662842F9510036FE76 /* DrinkMemory */ = {
			isa = PBXGroup;
			children = (
				537789942851C7290056576C /* DrinkMemoryPresenter.swift */,
			);
			path = DrinkMemory;
			sourceTree = "<group>";
		};
		531E83672842F95D0036FE76 /* DrinkMemory */ = {
			isa = PBXGroup;
			children = (
				530613E6295E81DA0079ECA2 /* DrinkFeature */,
				537789902851C6E90056576C /* DrinkMemoryRepository.swift */,
				5377898E2851C6C40056576C /* DrinkMemoryRealmModel.swift */,
				537789922851C7170056576C /* DrinkMemoryFirebaseModel.swift */,
				53452DA928571247008F2444 /* DrinkMemorySwiftModel.swift */,
				535B26AD298E47F6000DCBC5 /* DrinkCategoryModel.swift */,
			);
			path = DrinkMemory;
			sourceTree = "<group>";
		};
		5324315F2839A081005A8170 /* DrinkmemoryCell */ = {
			isa = PBXGroup;
			children = (
				5324315B2839A07A005A8170 /* DrinkMemoryTableViewCell.swift */,
				5324315C2839A07A005A8170 /* DrinkMemoryTableViewCell.xib */,
			);
			path = DrinkmemoryCell;
			sourceTree = "<group>";
		};
		53287BA92837775C00C2B96D /* DrinkMemory */ = {
			isa = PBXGroup;
			children = (
				53287B99283774E300C2B96D /* DrinkmemoryViewController.swift */,
				5324315F2839A081005A8170 /* DrinkmemoryCell */,
				53D83FC8287F05B400CFC7EF /* DetailDrinkMemoryViewController.swift */,
				533EEBC82880164D00E63F79 /* ChartView.swift */,
			);
			path = DrinkMemory;
			sourceTree = "<group>";
		};
		53287BAB2837777C00C2B96D /* DrinkMap */ = {
			isa = PBXGroup;
			children = (
				53287B9F2837751400C2B96D /* MapViewController.swift */,
			);
			path = DrinkMap;
			sourceTree = "<group>";
		};
		53287BAC2837778500C2B96D /* Account */ = {
			isa = PBXGroup;
			children = (
				53287B9D2837750500C2B96D /* MyPageViewController.swift */,
			);
			path = Account;
			sourceTree = "<group>";
		};
		53287BAD2837779600C2B96D /* AddDrink */ = {
			isa = PBXGroup;
			children = (
				53287BA12837757000C2B96D /* AddDrinkViewController.swift */,
			);
			path = AddDrink;
			sourceTree = "<group>";
		};
		53287BAE283777B900C2B96D /* Login */ = {
			isa = PBXGroup;
			children = (
				53287BA32837758B00C2B96D /* SignInViewController.swift */,
				53287BA52837759E00C2B96D /* SignUpViewController.swift */,
				53287BA7283775F900C2B96D /* TopPageViewController.swift */,
			);
			path = Login;
			sourceTree = "<group>";
		};
		532D0F4629457BEE005ABF6B /* DrinkImage */ = {
			isa = PBXGroup;
			children = (
				532D0F4729457C11005ABF6B /* DrinkImageModel.swift */,
			);
			path = DrinkImage;
			sourceTree = "<group>";
		};
		532D0F502945835D005ABF6B /* DrintoTests */ = {
			isa = PBXGroup;
			children = (
				532D0F512945835E005ABF6B /* DrintoTests.swift */,
			);
			path = DrintoTests;
			sourceTree = "<group>";
		};
		532D0F5829458A7D005ABF6B /* Frameworks */ = {
			isa = PBXGroup;
			children = (
			);
			name = Frameworks;
			sourceTree = "<group>";
		};
		5367DB7E29B56568008889E0 /* Cell */ = {
			isa = PBXGroup;
			children = (
				5367DB7F29B5658F008889E0 /* YoutubeAPIResultTableViewCell.swift */,
				5367DB8029B5658F008889E0 /* YoutubeAPIResultTableViewCell.xib */,
			);
			path = Cell;
			sourceTree = "<group>";
		};
		539DE6C2271FC9D800720AF7 = {
			isa = PBXGroup;
			children = (
				539DE6CD271FC9D800720AF7 /* Drinto */,
				532D0F502945835D005ABF6B /* DrintoTests */,
				539DE6CC271FC9D800720AF7 /* Products */,
				532D0F5829458A7D005ABF6B /* Frameworks */,
			);
			sourceTree = "<group>";
		};
		539DE6CC271FC9D800720AF7 /* Products */ = {
			isa = PBXGroup;
			children = (
				539DE6CB271FC9D800720AF7 /* Drinto.app */,
				532D0F4F2945835D005ABF6B /* DrintoTests.xctest */,
			);
			name = Products;
			sourceTree = "<group>";
		};
		539DE6CD271FC9D800720AF7 /* Drinto */ = {
			isa = PBXGroup;
			children = (
				53B681D629A2ED20003327B6 /* YoutubeAPIComminucation */,
				531E83612842F8EA0036FE76 /* Presenter */,
				531E83602842F8E30036FE76 /* Model */,
				53D129F22827A38300DA7E91 /* View */,
				539DE6D4271FC9D800720AF7 /* Main.storyboard */,
				539DE6D9271FC9DA00720AF7 /* LaunchScreen.storyboard */,
				539DE6CE271FC9D800720AF7 /* AppDelegate.swift */,
				539DE6D0271FC9D800720AF7 /* SceneDelegate.swift */,
				539DE6D7271FC9DA00720AF7 /* Assets.xcassets */,
				539DE6DC271FC9DA00720AF7 /* Info.plist */,
				5313E5122956B7C20030570B /* GoogleService-Info.plist */,
				5367DB8829C02798008889E0 /* AccessToken.swift */,
			);
			path = Drinto;
			sourceTree = "<group>";
		};
		53B681D629A2ED20003327B6 /* YoutubeAPIComminucation */ = {
			isa = PBXGroup;
			children = (
				53B681D929A2ED4D003327B6 /* Views */,
				53B681D829A2ED43003327B6 /* Presenters */,
				53B681D729A2ED32003327B6 /* Models */,
			);
			path = YoutubeAPIComminucation;
			sourceTree = "<group>";
		};
		53B681D729A2ED32003327B6 /* Models */ = {
			isa = PBXGroup;
			children = (
				53726E1E29AD7E9400AD5636 /* YoutubeDataModel.swift */,
				53726E2029AD7ECF00AD5636 /* FetchDataModel.swift */,
				5367DB7C29B09EBE008889E0 /* YoutubeAPIDecordModel.swift */,
			);
			path = Models;
			sourceTree = "<group>";
		};
		53B681D829A2ED43003327B6 /* Presenters */ = {
			isa = PBXGroup;
			children = (
				53B681DC29A2ED79003327B6 /* YoutubeAPIPresenter.swift */,
			);
			path = Presenters;
			sourceTree = "<group>";
		};
		53B681D929A2ED4D003327B6 /* Views */ = {
			isa = PBXGroup;
			children = (
				5367DB7E29B56568008889E0 /* Cell */,
				53B681DE29A2ED9F003327B6 /* YoutubeAPIResultViewController.swift */,
				5367DB8329BD824F008889E0 /* YoutubePlayerViewController.swift */,
			);
			path = Views;
			sourceTree = "<group>";
		};
		53D129F22827A38300DA7E91 /* View */ = {
			isa = PBXGroup;
			children = (
				53287BAE283777B900C2B96D /* Login */,
				53287BAD2837779600C2B96D /* AddDrink */,
				53287BAC2837778500C2B96D /* Account */,
				53287BAB2837777C00C2B96D /* DrinkMap */,
				53287BA92837775C00C2B96D /* DrinkMemory */,
				539DE6E5271FCD7900720AF7 /* TabBarViewController.swift */,
				53287BAF2837782000C2B96D /* LaunchViewController.swift */,
			);
			path = View;
			sourceTree = "<group>";
		};
/* End PBXGroup section */

/* Begin PBXNativeTarget section */
		532D0F4E2945835D005ABF6B /* DrintoTests */ = {
			isa = PBXNativeTarget;
			buildConfigurationList = 532D0F552945835E005ABF6B /* Build configuration list for PBXNativeTarget "DrintoTests" */;
			buildPhases = (
				532D0F4B2945835D005ABF6B /* Sources */,
				532D0F4C2945835D005ABF6B /* Frameworks */,
				532D0F4D2945835D005ABF6B /* Resources */,
			);
			buildRules = (
			);
			dependencies = (
				532D0F542945835E005ABF6B /* PBXTargetDependency */,
			);
			name = DrintoTests;
			packageProductDependencies = (
				532D0F5929458A7D005ABF6B /* RealmSwift */,
				530613DE295C44360079ECA2 /* FirebaseStorage */,
				530613E0295C443A0079ECA2 /* FirebaseAuth */,
				530613E2295C44420079ECA2 /* FirebaseFirestore */,
			);
			productName = DrintoTests;
			productReference = 532D0F4F2945835D005ABF6B /* DrintoTests.xctest */;
			productType = "com.apple.product-type.bundle.unit-test";
		};
		539DE6CA271FC9D800720AF7 /* Drinto */ = {
			isa = PBXNativeTarget;
			buildConfigurationList = 539DE6DF271FC9DA00720AF7 /* Build configuration list for PBXNativeTarget "Drinto" */;
			buildPhases = (
				539DE6C7271FC9D800720AF7 /* Sources */,
				539DE6C8271FC9D800720AF7 /* Frameworks */,
				539DE6C9271FC9D800720AF7 /* Resources */,
				53DAECD5283784EE0069D744 /* Run Script */,
				5313E5142956D4E20030570B /* ShellScript */,
			);
			buildRules = (
			);
			dependencies = (
			);
			name = Drinto;
			packageProductDependencies = (
				536839882940544E0078D81E /* RealmSwift */,
				5313E50A2956AEDD0030570B /* FirebaseAuth */,
				5313E50C2956AEDD0030570B /* FirebaseFirestore */,
				5313E50E2956AEDD0030570B /* FirebaseStorage */,
				5367DB8629BD8B66008889E0 /* YouTubeiOSPlayerHelper */,
			);
			productName = Drinto;
			productReference = 539DE6CB271FC9D800720AF7 /* Drinto.app */;
			productType = "com.apple.product-type.application";
		};
/* End PBXNativeTarget section */

/* Begin PBXProject section */
		539DE6C3271FC9D800720AF7 /* Project object */ = {
			isa = PBXProject;
			attributes = {
				BuildIndependentTargetsInParallel = 1;
				LastSwiftUpdateCheck = 1410;
				LastUpgradeCheck = 1300;
				TargetAttributes = {
					532D0F4E2945835D005ABF6B = {
						CreatedOnToolsVersion = 14.1;
						TestTargetID = 539DE6CA271FC9D800720AF7;
					};
					539DE6CA271FC9D800720AF7 = {
						CreatedOnToolsVersion = 13.0;
					};
				};
			};
			buildConfigurationList = 539DE6C6271FC9D800720AF7 /* Build configuration list for PBXProject "Drinto" */;
			compatibilityVersion = "Xcode 13.0";
			developmentRegion = en;
			hasScannedForEncodings = 0;
			knownRegions = (
				en,
				Base,
			);
			mainGroup = 539DE6C2271FC9D800720AF7;
			packageReferences = (
				536839872940544E0078D81E /* XCRemoteSwiftPackageReference "realm-swift" */,
				534DD9F529408EC800E0ACEE /* XCRemoteSwiftPackageReference "SwiftLint" */,
				5313E5092956AEDD0030570B /* XCRemoteSwiftPackageReference "firebase-ios-sdk" */,
				5367DB8529BD8B66008889E0 /* XCRemoteSwiftPackageReference "youtube-ios-player-helper" */,
			);
			productRefGroup = 539DE6CC271FC9D800720AF7 /* Products */;
			projectDirPath = "";
			projectRoot = "";
			targets = (
				539DE6CA271FC9D800720AF7 /* Drinto */,
				532D0F4E2945835D005ABF6B /* DrintoTests */,
			);
		};
/* End PBXProject section */

/* Begin PBXResourcesBuildPhase section */
		532D0F4D2945835D005ABF6B /* Resources */ = {
			isa = PBXResourcesBuildPhase;
			buildActionMask = 2147483647;
			files = (
			);
			runOnlyForDeploymentPostprocessing = 0;
		};
		539DE6C9271FC9D800720AF7 /* Resources */ = {
			isa = PBXResourcesBuildPhase;
			buildActionMask = 2147483647;
			files = (
				539DE6DB271FC9DA00720AF7 /* LaunchScreen.storyboard in Resources */,
				5324315E2839A07A005A8170 /* DrinkMemoryTableViewCell.xib in Resources */,
				539DE6D8271FC9DA00720AF7 /* Assets.xcassets in Resources */,
				539DE6D6271FC9D800720AF7 /* Main.storyboard in Resources */,
				5367DB8229B5658F008889E0 /* YoutubeAPIResultTableViewCell.xib in Resources */,
				5313E5132956B7C20030570B /* GoogleService-Info.plist in Resources */,
			);
			runOnlyForDeploymentPostprocessing = 0;
		};
/* End PBXResourcesBuildPhase section */

/* Begin PBXShellScriptBuildPhase section */
		5313E5142956D4E20030570B /* ShellScript */ = {
			isa = PBXShellScriptBuildPhase;
			buildActionMask = 2147483647;
			files = (
			);
			inputFileListPaths = (
			);
			inputPaths = (
			);
			outputFileListPaths = (
			);
			outputPaths = (
			);
			runOnlyForDeploymentPostprocessing = 0;
			shellPath = /bin/sh;
			shellScript = "if [ \"${CONFIGURATION}\" == \"Release\" ]; then\n  cp \"${PROJECT_DIR}/${PROJECT_NAME}/GoogleService-Info.plist\" \"${BUILT_PRODUCTS_DIR}/${PRODUCT_NAME}.app/GoogleService-Info.plist\"\nelse\n  cp \"${PROJECT_DIR}/${PROJECT_NAME}/GoogleService-Info.plist\" \"${BUILT_PRODUCTS_DIR}/${PRODUCT_NAME}.app/GoogleService-Info.plist\"\nfi\n";
		};
		53DAECD5283784EE0069D744 /* Run Script */ = {
			isa = PBXShellScriptBuildPhase;
			buildActionMask = 2147483647;
			files = (
			);
			inputFileListPaths = (
			);
			inputPaths = (
			);
			name = "Run Script";
			outputFileListPaths = (
			);
			outputPaths = (
			);
			runOnlyForDeploymentPostprocessing = 0;
			shellPath = /bin/sh;
			shellScript = "# Don't run this during index builds\nif [ $ACTION = \"indexbuild\" ]; then exit 0; fi\n\n# Go to the build root and search up the chain to find the Derived Data Path where the source packages are checked out.\nDERIVED_DATA_CANDIDATE=\"${BUILD_ROOT}\"\n\nwhile ! [ -d \"${DERIVED_DATA_CANDIDATE}/SourcePackages\" ]; do\n  if [ \"${DERIVED_DATA_CANDIDATE}\" = / ]; then\n    echo >&2 \"error: Unable to locate SourcePackages directory from BUILD_ROOT: '${BUILD_ROOT}'\"\n    exit 1\n  fi\n\n  DERIVED_DATA_CANDIDATE=\"$(dirname \"${DERIVED_DATA_CANDIDATE}\")\"\ndone\n\n# Grab a reference to the directory where scripts are checked out\nSCRIPT_PATH=\"${DERIVED_DATA_CANDIDATE}/SourcePackages/checkouts/SwiftLint\"\n\nif [ -z \"${SCRIPT_PATH}\" ]; then\n    echo >&2 \"error: Couldn't find the SwiftLint script in your checked out SPM packages; make sure to add the framework to your project.\"\n    exit 1\nfi\n\nCURRENT_DIR=`pwd`\n\ncd \"${SCRIPT_PATH}\"/Source\n\n/usr/bin/xcrun --sdk macosx swift run swiftlint \"${CURRENT_DIR}\"\n";
		};
/* End PBXShellScriptBuildPhase section */

/* Begin PBXSourcesBuildPhase section */
		532D0F4B2945835D005ABF6B /* Sources */ = {
			isa = PBXSourcesBuildPhase;
			buildActionMask = 2147483647;
			files = (
				532D0F522945835E005ABF6B /* DrintoTests.swift in Sources */,
			);
			runOnlyForDeploymentPostprocessing = 0;
		};
		539DE6C7271FC9D800720AF7 /* Sources */ = {
			isa = PBXSourcesBuildPhase;
			buildActionMask = 2147483647;
			files = (
				53B681DF29A2ED9F003327B6 /* YoutubeAPIResultViewController.swift in Sources */,
				5324315D2839A07A005A8170 /* DrinkMemoryTableViewCell.swift in Sources */,
				533EEBC92880164D00E63F79 /* ChartView.swift in Sources */,
				53287BA42837758B00C2B96D /* SignInViewController.swift in Sources */,
				53287BA8283775F900C2B96D /* TopPageViewController.swift in Sources */,
				53726E2129AD7ECF00AD5636 /* FetchDataModel.swift in Sources */,
				5367DB8429BD824F008889E0 /* YoutubePlayerViewController.swift in Sources */,
				539DE6E6271FCD7900720AF7 /* TabBarViewController.swift in Sources */,
				531E83692842FB610036FE76 /* NewsDataModel.swift in Sources */,
				53726E1F29AD7E9400AD5636 /* YoutubeDataModel.swift in Sources */,
				5386CCEC284ADD85006F1A14 /* DrinkNewsPresenter.swift in Sources */,
				53287B9A283774E300C2B96D /* DrinkmemoryViewController.swift in Sources */,
				53287B9E2837750500C2B96D /* MyPageViewController.swift in Sources */,
				5377898F2851C6C40056576C /* DrinkMemoryRealmModel.swift in Sources */,
				53287BA62837759E00C2B96D /* SignUpViewController.swift in Sources */,
				5367DB8129B5658F008889E0 /* YoutubeAPIResultTableViewCell.swift in Sources */,
				5367DB7D29B09EBE008889E0 /* YoutubeAPIDecordModel.swift in Sources */,
				537789912851C6E90056576C /* DrinkMemoryRepository.swift in Sources */,
				530613E5295E81C90079ECA2 /* DrinkFeatureCheckModel.swift in Sources */,
				53D83FC9287F05B400CFC7EF /* DetailDrinkMemoryViewController.swift in Sources */,
				53452DAA28571247008F2444 /* DrinkMemorySwiftModel.swift in Sources */,
				53B681DD29A2ED79003327B6 /* YoutubeAPIPresenter.swift in Sources */,
				532D0F4829457C11005ABF6B /* DrinkImageModel.swift in Sources */,
				537789932851C7170056576C /* DrinkMemoryFirebaseModel.swift in Sources */,
				53287BB02837782000C2B96D /* LaunchViewController.swift in Sources */,
				539DE6CF271FC9D800720AF7 /* AppDelegate.swift in Sources */,
				5386CCEA284AD6AC006F1A14 /* FetchDrinkNewsData.swift in Sources */,
				539DE6D1271FC9D800720AF7 /* SceneDelegate.swift in Sources */,
				535B26AE298E47F6000DCBC5 /* DrinkCategoryModel.swift in Sources */,
				53287BA02837751400C2B96D /* MapViewController.swift in Sources */,
				537789952851C7290056576C /* DrinkMemoryPresenter.swift in Sources */,
				53287BA22837757000C2B96D /* AddDrinkViewController.swift in Sources */,
				5367DB8929C02798008889E0 /* AccessToken.swift in Sources */,
			);
			runOnlyForDeploymentPostprocessing = 0;
		};
/* End PBXSourcesBuildPhase section */

/* Begin PBXTargetDependency section */
		532D0F542945835E005ABF6B /* PBXTargetDependency */ = {
			isa = PBXTargetDependency;
			target = 539DE6CA271FC9D800720AF7 /* Drinto */;
			targetProxy = 532D0F532945835E005ABF6B /* PBXContainerItemProxy */;
		};
/* End PBXTargetDependency section */

/* Begin PBXVariantGroup section */
		539DE6D4271FC9D800720AF7 /* Main.storyboard */ = {
			isa = PBXVariantGroup;
			children = (
				539DE6D5271FC9D800720AF7 /* Base */,
			);
			name = Main.storyboard;
			sourceTree = "<group>";
		};
		539DE6D9271FC9DA00720AF7 /* LaunchScreen.storyboard */ = {
			isa = PBXVariantGroup;
			children = (
				539DE6DA271FC9DA00720AF7 /* Base */,
			);
			name = LaunchScreen.storyboard;
			sourceTree = "<group>";
		};
/* End PBXVariantGroup section */

/* Begin XCBuildConfiguration section */
		532D0F562945835E005ABF6B /* Debug */ = {
			isa = XCBuildConfiguration;
			buildSettings = {
				BUNDLE_LOADER = "$(TEST_HOST)";
				CLANG_CXX_LANGUAGE_STANDARD = "gnu++20";
				CODE_SIGN_IDENTITY = "Apple Development";
				"CODE_SIGN_IDENTITY[sdk=iphoneos*]" = "iPhone Developer";
				"CODE_SIGN_IDENTITY[sdk=macosx*]" = "Developer ID Application";
				CODE_SIGN_STYLE = Manual;
				CURRENT_PROJECT_VERSION = 1;
				DEVELOPMENT_TEAM = "";
				"DEVELOPMENT_TEAM[sdk=iphoneos*]" = X5LBWH4CYQ;
				"DEVELOPMENT_TEAM[sdk=macosx*]" = X5LBWH4CYQ;
				GENERATE_INFOPLIST_FILE = YES;
				IPHONEOS_DEPLOYMENT_TARGET = 15.5;
				MACOSX_DEPLOYMENT_TARGET = 12.5.1;
				MARKETING_VERSION = 1.0;
				PRODUCT_BUNDLE_IDENTIFIER = com.hiroakiapp.DrintoTests;
				PRODUCT_NAME = "$(TARGET_NAME)";
				PROVISIONING_PROFILE_SPECIFIER = "";
				SDKROOT = auto;
				SUPPORTED_PLATFORMS = "iphoneos iphonesimulator macosx";
				SWIFT_EMIT_LOC_STRINGS = NO;
				SWIFT_VERSION = 5.0;
				TARGETED_DEVICE_FAMILY = "1,2";
				TEST_HOST = "$(BUILT_PRODUCTS_DIR)/Drinto.app/$(BUNDLE_EXECUTABLE_FOLDER_PATH)/Drinto";
			};
			name = Debug;
		};
		532D0F572945835E005ABF6B /* Release */ = {
			isa = XCBuildConfiguration;
			buildSettings = {
				BUNDLE_LOADER = "$(TEST_HOST)";
				CLANG_CXX_LANGUAGE_STANDARD = "gnu++20";
				CODE_SIGN_IDENTITY = "Apple Development";
				"CODE_SIGN_IDENTITY[sdk=iphoneos*]" = "iPhone Developer";
				"CODE_SIGN_IDENTITY[sdk=macosx*]" = "Developer ID Application";
				CODE_SIGN_STYLE = Manual;
				CURRENT_PROJECT_VERSION = 1;
				DEVELOPMENT_TEAM = "";
				"DEVELOPMENT_TEAM[sdk=iphoneos*]" = X5LBWH4CYQ;
				GENERATE_INFOPLIST_FILE = YES;
				IPHONEOS_DEPLOYMENT_TARGET = 15.5;
				MACOSX_DEPLOYMENT_TARGET = 12.5.1;
				MARKETING_VERSION = 1.0;
				PRODUCT_BUNDLE_IDENTIFIER = com.hiroakiapp.DrintoTests;
				PRODUCT_NAME = "$(TARGET_NAME)";
				PROVISIONING_PROFILE_SPECIFIER = "";
				SDKROOT = auto;
				SUPPORTED_PLATFORMS = "iphoneos iphonesimulator macosx";
				SWIFT_EMIT_LOC_STRINGS = NO;
				SWIFT_VERSION = 5.0;
				TARGETED_DEVICE_FAMILY = "1,2";
				TEST_HOST = "$(BUILT_PRODUCTS_DIR)/Drinto.app/$(BUNDLE_EXECUTABLE_FOLDER_PATH)/Drinto";
			};
			name = Release;
		};
		539DE6DD271FC9DA00720AF7 /* Debug */ = {
			isa = XCBuildConfiguration;
			buildSettings = {
				ALWAYS_SEARCH_USER_PATHS = NO;
				CLANG_ANALYZER_NONNULL = YES;
				CLANG_ANALYZER_NUMBER_OBJECT_CONVERSION = YES_AGGRESSIVE;
				CLANG_CXX_LANGUAGE_STANDARD = "gnu++17";
				CLANG_CXX_LIBRARY = "libc++";
				CLANG_ENABLE_MODULES = YES;
				CLANG_ENABLE_OBJC_ARC = YES;
				CLANG_ENABLE_OBJC_WEAK = YES;
				CLANG_WARN_BLOCK_CAPTURE_AUTORELEASING = YES;
				CLANG_WARN_BOOL_CONVERSION = YES;
				CLANG_WARN_COMMA = YES;
				CLANG_WARN_CONSTANT_CONVERSION = YES;
				CLANG_WARN_DEPRECATED_OBJC_IMPLEMENTATIONS = YES;
				CLANG_WARN_DIRECT_OBJC_ISA_USAGE = YES_ERROR;
				CLANG_WARN_DOCUMENTATION_COMMENTS = YES;
				CLANG_WARN_EMPTY_BODY = YES;
				CLANG_WARN_ENUM_CONVERSION = YES;
				CLANG_WARN_INFINITE_RECURSION = YES;
				CLANG_WARN_INT_CONVERSION = YES;
				CLANG_WARN_NON_LITERAL_NULL_CONVERSION = YES;
				CLANG_WARN_OBJC_IMPLICIT_RETAIN_SELF = YES;
				CLANG_WARN_OBJC_LITERAL_CONVERSION = YES;
				CLANG_WARN_OBJC_ROOT_CLASS = YES_ERROR;
				CLANG_WARN_QUOTED_INCLUDE_IN_FRAMEWORK_HEADER = YES;
				CLANG_WARN_RANGE_LOOP_ANALYSIS = YES;
				CLANG_WARN_STRICT_PROTOTYPES = YES;
				CLANG_WARN_SUSPICIOUS_MOVE = YES;
				CLANG_WARN_UNGUARDED_AVAILABILITY = YES_AGGRESSIVE;
				CLANG_WARN_UNREACHABLE_CODE = YES;
				CLANG_WARN__DUPLICATE_METHOD_MATCH = YES;
				CODE_SIGN_IDENTITY = "Apple Distribution";
				COPY_PHASE_STRIP = NO;
				DEBUG_INFORMATION_FORMAT = dwarf;
				ENABLE_STRICT_OBJC_MSGSEND = YES;
				ENABLE_TESTABILITY = YES;
				GCC_C_LANGUAGE_STANDARD = gnu11;
				GCC_DYNAMIC_NO_PIC = NO;
				GCC_NO_COMMON_BLOCKS = YES;
				GCC_OPTIMIZATION_LEVEL = 0;
				GCC_PREPROCESSOR_DEFINITIONS = (
					"DEBUG=1",
					"$(inherited)",
				);
				GCC_WARN_64_TO_32_BIT_CONVERSION = YES;
				GCC_WARN_ABOUT_RETURN_TYPE = YES_ERROR;
				GCC_WARN_UNDECLARED_SELECTOR = YES;
				GCC_WARN_UNINITIALIZED_AUTOS = YES_AGGRESSIVE;
				GCC_WARN_UNUSED_FUNCTION = YES;
				GCC_WARN_UNUSED_VARIABLE = YES;
				IPHONEOS_DEPLOYMENT_TARGET = 15.5;
				MACOSX_DEPLOYMENT_TARGET = 12.5.1;
				MTL_ENABLE_DEBUG_INFO = INCLUDE_SOURCE;
				MTL_FAST_MATH = YES;
				ONLY_ACTIVE_ARCH = YES;
				SDKROOT = iphoneos;
				SWIFT_ACTIVE_COMPILATION_CONDITIONS = DEBUG;
				SWIFT_OPTIMIZATION_LEVEL = "-Onone";
			};
			name = Debug;
		};
		539DE6DE271FC9DA00720AF7 /* Release */ = {
			isa = XCBuildConfiguration;
			buildSettings = {
				ALWAYS_SEARCH_USER_PATHS = NO;
				CLANG_ANALYZER_NONNULL = YES;
				CLANG_ANALYZER_NUMBER_OBJECT_CONVERSION = YES_AGGRESSIVE;
				CLANG_CXX_LANGUAGE_STANDARD = "gnu++17";
				CLANG_CXX_LIBRARY = "libc++";
				CLANG_ENABLE_MODULES = YES;
				CLANG_ENABLE_OBJC_ARC = YES;
				CLANG_ENABLE_OBJC_WEAK = YES;
				CLANG_WARN_BLOCK_CAPTURE_AUTORELEASING = YES;
				CLANG_WARN_BOOL_CONVERSION = YES;
				CLANG_WARN_COMMA = YES;
				CLANG_WARN_CONSTANT_CONVERSION = YES;
				CLANG_WARN_DEPRECATED_OBJC_IMPLEMENTATIONS = YES;
				CLANG_WARN_DIRECT_OBJC_ISA_USAGE = YES_ERROR;
				CLANG_WARN_DOCUMENTATION_COMMENTS = YES;
				CLANG_WARN_EMPTY_BODY = YES;
				CLANG_WARN_ENUM_CONVERSION = YES;
				CLANG_WARN_INFINITE_RECURSION = YES;
				CLANG_WARN_INT_CONVERSION = YES;
				CLANG_WARN_NON_LITERAL_NULL_CONVERSION = YES;
				CLANG_WARN_OBJC_IMPLICIT_RETAIN_SELF = YES;
				CLANG_WARN_OBJC_LITERAL_CONVERSION = YES;
				CLANG_WARN_OBJC_ROOT_CLASS = YES_ERROR;
				CLANG_WARN_QUOTED_INCLUDE_IN_FRAMEWORK_HEADER = YES;
				CLANG_WARN_RANGE_LOOP_ANALYSIS = YES;
				CLANG_WARN_STRICT_PROTOTYPES = YES;
				CLANG_WARN_SUSPICIOUS_MOVE = YES;
				CLANG_WARN_UNGUARDED_AVAILABILITY = YES_AGGRESSIVE;
				CLANG_WARN_UNREACHABLE_CODE = YES;
				CLANG_WARN__DUPLICATE_METHOD_MATCH = YES;
				CODE_SIGN_IDENTITY = "Apple Distribution";
				COPY_PHASE_STRIP = NO;
				DEBUG_INFORMATION_FORMAT = "dwarf-with-dsym";
				ENABLE_NS_ASSERTIONS = NO;
				ENABLE_STRICT_OBJC_MSGSEND = YES;
				GCC_C_LANGUAGE_STANDARD = gnu11;
				GCC_NO_COMMON_BLOCKS = YES;
				GCC_WARN_64_TO_32_BIT_CONVERSION = YES;
				GCC_WARN_ABOUT_RETURN_TYPE = YES_ERROR;
				GCC_WARN_UNDECLARED_SELECTOR = YES;
				GCC_WARN_UNINITIALIZED_AUTOS = YES_AGGRESSIVE;
				GCC_WARN_UNUSED_FUNCTION = YES;
				GCC_WARN_UNUSED_VARIABLE = YES;
				IPHONEOS_DEPLOYMENT_TARGET = 15.5;
				MACOSX_DEPLOYMENT_TARGET = 12.5.1;
				MTL_ENABLE_DEBUG_INFO = NO;
				MTL_FAST_MATH = YES;
				SDKROOT = iphoneos;
				SWIFT_COMPILATION_MODE = wholemodule;
				SWIFT_OPTIMIZATION_LEVEL = "-O";
				VALIDATE_PRODUCT = YES;
			};
			name = Release;
		};
		539DE6E0271FC9DA00720AF7 /* Debug */ = {
			isa = XCBuildConfiguration;
			buildSettings = {
				ASSETCATALOG_COMPILER_APPICON_NAME = AppIcon;
				ASSETCATALOG_COMPILER_GLOBAL_ACCENT_COLOR_NAME = AccentColor;
				CODE_SIGN_IDENTITY = "Apple Development";
				CODE_SIGN_STYLE = Automatic;
				CURRENT_PROJECT_VERSION = 1;
				DEVELOPMENT_TEAM = X5LBWH4CYQ;
				GENERATE_INFOPLIST_FILE = YES;
				INFOPLIST_FILE = Drinto/Info.plist;
				INFOPLIST_KEY_UIApplicationSupportsIndirectInputEvents = YES;
				INFOPLIST_KEY_UILaunchStoryboardName = LaunchScreen;
				INFOPLIST_KEY_UIMainStoryboardFile = Main;
				INFOPLIST_KEY_UISupportedInterfaceOrientations = UIInterfaceOrientationPortrait;
				INFOPLIST_KEY_UISupportedInterfaceOrientations_iPad = "UIInterfaceOrientationPortrait UIInterfaceOrientationPortraitUpsideDown UIInterfaceOrientationLandscapeLeft UIInterfaceOrientationLandscapeRight";
				INFOPLIST_KEY_UISupportedInterfaceOrientations_iPhone = "UIInterfaceOrientationPortrait UIInterfaceOrientationLandscapeLeft UIInterfaceOrientationLandscapeRight";
				IPHONEOS_DEPLOYMENT_TARGET = 15.5;
				LD_RUNPATH_SEARCH_PATHS = (
					"$(inherited)",
					"@executable_path/Frameworks",
				);
				MARKETING_VERSION = 1.0;
				PRODUCT_BUNDLE_IDENTIFIER = com.hiroakiapp.Drinto;
				PRODUCT_NAME = "$(TARGET_NAME)";
				PROVISIONING_PROFILE_SPECIFIER = "";
				SWIFT_EMIT_LOC_STRINGS = YES;
				SWIFT_VERSION = 5.0;
				TARGETED_DEVICE_FAMILY = 1;
			};
			name = Debug;
		};
		539DE6E1271FC9DA00720AF7 /* Release */ = {
			isa = XCBuildConfiguration;
			buildSettings = {
				ASSETCATALOG_COMPILER_APPICON_NAME = AppIcon;
				ASSETCATALOG_COMPILER_GLOBAL_ACCENT_COLOR_NAME = AccentColor;
				CODE_SIGN_IDENTITY = "Apple Development";
				CODE_SIGN_STYLE = Automatic;
				CURRENT_PROJECT_VERSION = 1;
				DEVELOPMENT_TEAM = X5LBWH4CYQ;
				GENERATE_INFOPLIST_FILE = YES;
				INFOPLIST_FILE = Drinto/Info.plist;
				INFOPLIST_KEY_UIApplicationSupportsIndirectInputEvents = YES;
				INFOPLIST_KEY_UILaunchStoryboardName = LaunchScreen;
				INFOPLIST_KEY_UIMainStoryboardFile = Main;
				INFOPLIST_KEY_UISupportedInterfaceOrientations = UIInterfaceOrientationPortrait;
				INFOPLIST_KEY_UISupportedInterfaceOrientations_iPad = "UIInterfaceOrientationPortrait UIInterfaceOrientationPortraitUpsideDown UIInterfaceOrientationLandscapeLeft UIInterfaceOrientationLandscapeRight";
				INFOPLIST_KEY_UISupportedInterfaceOrientations_iPhone = "UIInterfaceOrientationPortrait UIInterfaceOrientationLandscapeLeft UIInterfaceOrientationLandscapeRight";
				IPHONEOS_DEPLOYMENT_TARGET = 15.5;
				LD_RUNPATH_SEARCH_PATHS = (
					"$(inherited)",
					"@executable_path/Frameworks",
				);
				MARKETING_VERSION = 1.0;
				PRODUCT_BUNDLE_IDENTIFIER = com.hiroakiapp.Drinto;
				PRODUCT_NAME = "$(TARGET_NAME)";
				PROVISIONING_PROFILE_SPECIFIER = "";
				SWIFT_EMIT_LOC_STRINGS = YES;
				SWIFT_VERSION = 5.0;
				TARGETED_DEVICE_FAMILY = 1;
			};
			name = Release;
		};
/* End XCBuildConfiguration section */

/* Begin XCConfigurationList section */
		532D0F552945835E005ABF6B /* Build configuration list for PBXNativeTarget "DrintoTests" */ = {
			isa = XCConfigurationList;
			buildConfigurations = (
				532D0F562945835E005ABF6B /* Debug */,
				532D0F572945835E005ABF6B /* Release */,
			);
			defaultConfigurationIsVisible = 0;
			defaultConfigurationName = Release;
		};
		539DE6C6271FC9D800720AF7 /* Build configuration list for PBXProject "Drinto" */ = {
			isa = XCConfigurationList;
			buildConfigurations = (
				539DE6DD271FC9DA00720AF7 /* Debug */,
				539DE6DE271FC9DA00720AF7 /* Release */,
			);
			defaultConfigurationIsVisible = 0;
			defaultConfigurationName = Release;
		};
		539DE6DF271FC9DA00720AF7 /* Build configuration list for PBXNativeTarget "Drinto" */ = {
			isa = XCConfigurationList;
			buildConfigurations = (
				539DE6E0271FC9DA00720AF7 /* Debug */,
				539DE6E1271FC9DA00720AF7 /* Release */,
			);
			defaultConfigurationIsVisible = 0;
			defaultConfigurationName = Release;
		};
/* End XCConfigurationList section */

/* Begin XCRemoteSwiftPackageReference section */
		5313E5092956AEDD0030570B /* XCRemoteSwiftPackageReference "firebase-ios-sdk" */ = {
			isa = XCRemoteSwiftPackageReference;
			repositoryURL = "https://github.com/firebase/firebase-ios-sdk.git";
			requirement = {
				kind = upToNextMajorVersion;
				minimumVersion = 9.0.0;
			};
		};
		534DD9F529408EC800E0ACEE /* XCRemoteSwiftPackageReference "SwiftLint" */ = {
			isa = XCRemoteSwiftPackageReference;
			repositoryURL = "https://github.com/realm/SwiftLint.git";
			requirement = {
				branch = main;
				kind = branch;
			};
		};
		5367DB8529BD8B66008889E0 /* XCRemoteSwiftPackageReference "youtube-ios-player-helper" */ = {
			isa = XCRemoteSwiftPackageReference;
			repositoryURL = "https://github.com/youtube/youtube-ios-player-helper.git";
			requirement = {
				kind = upToNextMajorVersion;
				minimumVersion = 1.0.0;
			};
		};
		536839872940544E0078D81E /* XCRemoteSwiftPackageReference "realm-swift" */ = {
			isa = XCRemoteSwiftPackageReference;
			repositoryURL = "https://github.com/realm/realm-swift.git";
			requirement = {
				branch = master;
				kind = branch;
			};
		};
/* End XCRemoteSwiftPackageReference section */

/* Begin XCSwiftPackageProductDependency section */
		530613DE295C44360079ECA2 /* FirebaseStorage */ = {
			isa = XCSwiftPackageProductDependency;
			package = 5313E5092956AEDD0030570B /* XCRemoteSwiftPackageReference "firebase-ios-sdk" */;
			productName = FirebaseStorage;
		};
		530613E0295C443A0079ECA2 /* FirebaseAuth */ = {
			isa = XCSwiftPackageProductDependency;
			package = 5313E5092956AEDD0030570B /* XCRemoteSwiftPackageReference "firebase-ios-sdk" */;
			productName = FirebaseAuth;
		};
		530613E2295C44420079ECA2 /* FirebaseFirestore */ = {
			isa = XCSwiftPackageProductDependency;
			package = 5313E5092956AEDD0030570B /* XCRemoteSwiftPackageReference "firebase-ios-sdk" */;
			productName = FirebaseFirestore;
		};
		5313E50A2956AEDD0030570B /* FirebaseAuth */ = {
			isa = XCSwiftPackageProductDependency;
			package = 5313E5092956AEDD0030570B /* XCRemoteSwiftPackageReference "firebase-ios-sdk" */;
			productName = FirebaseAuth;
		};
		5313E50C2956AEDD0030570B /* FirebaseFirestore */ = {
			isa = XCSwiftPackageProductDependency;
			package = 5313E5092956AEDD0030570B /* XCRemoteSwiftPackageReference "firebase-ios-sdk" */;
			productName = FirebaseFirestore;
		};
		5313E50E2956AEDD0030570B /* FirebaseStorage */ = {
			isa = XCSwiftPackageProductDependency;
			package = 5313E5092956AEDD0030570B /* XCRemoteSwiftPackageReference "firebase-ios-sdk" */;
			productName = FirebaseStorage;
		};
		532D0F5929458A7D005ABF6B /* RealmSwift */ = {
			isa = XCSwiftPackageProductDependency;
			package = 536839872940544E0078D81E /* XCRemoteSwiftPackageReference "realm-swift" */;
			productName = RealmSwift;
		};
		5367DB8629BD8B66008889E0 /* YouTubeiOSPlayerHelper */ = {
			isa = XCSwiftPackageProductDependency;
			package = 5367DB8529BD8B66008889E0 /* XCRemoteSwiftPackageReference "youtube-ios-player-helper" */;
			productName = YouTubeiOSPlayerHelper;
		};
		536839882940544E0078D81E /* RealmSwift */ = {
			isa = XCSwiftPackageProductDependency;
			package = 536839872940544E0078D81E /* XCRemoteSwiftPackageReference "realm-swift" */;
			productName = RealmSwift;
		};
/* End XCSwiftPackageProductDependency section */
	};
	rootObject = 539DE6C3271FC9D800720AF7 /* Project object */;
}
